// !$*UTF8*$!
{
	archiveVersion = 1;
	classes = {
	};
	objectVersion = 50;
	objects = {

/* Begin PBXBuildFile section */
		168AE12B22EBEB6300DFBB6F /* OSLog.swift in Sources */ = {isa = PBXBuildFile; fileRef = 168AE12A22EBEB6300DFBB6F /* OSLog.swift */; };
		168AE12D22EBEEDE00DFBB6F /* api.json in Resources */ = {isa = PBXBuildFile; fileRef = 168AE12C22EBEEDE00DFBB6F /* api.json */; };
		168AE13022EBF11600DFBB6F /* HomeView.swift in Sources */ = {isa = PBXBuildFile; fileRef = 168AE12F22EBF11600DFBB6F /* HomeView.swift */; };
		168AE13722EBF18D00DFBB6F /* ScheduleView.swift in Sources */ = {isa = PBXBuildFile; fileRef = 168AE13622EBF18D00DFBB6F /* ScheduleView.swift */; };
		168AE13922EBF1C000DFBB6F /* VideoView.swift in Sources */ = {isa = PBXBuildFile; fileRef = 168AE13822EBF1C000DFBB6F /* VideoView.swift */; };
		168AE13B22EBF1DA00DFBB6F /* PeopleView.swift in Sources */ = {isa = PBXBuildFile; fileRef = 168AE13A22EBF1DA00DFBB6F /* PeopleView.swift */; };
		168AE13D22EBF20E00DFBB6F /* VenueView.swift in Sources */ = {isa = PBXBuildFile; fileRef = 168AE13C22EBF20E00DFBB6F /* VenueView.swift */; };
		168AE13F22EBF22200DFBB6F /* SettingsView.swift in Sources */ = {isa = PBXBuildFile; fileRef = 168AE13E22EBF22200DFBB6F /* SettingsView.swift */; };
		218FD28622EAEF9900A6BEAB /* AppDelegate.swift in Sources */ = {isa = PBXBuildFile; fileRef = 218FD28522EAEF9900A6BEAB /* AppDelegate.swift */; };
		218FD28822EAEF9900A6BEAB /* SceneDelegate.swift in Sources */ = {isa = PBXBuildFile; fileRef = 218FD28722EAEF9900A6BEAB /* SceneDelegate.swift */; };
		218FD28A22EAEF9900A6BEAB /* MainTabbedView.swift in Sources */ = {isa = PBXBuildFile; fileRef = 218FD28922EAEF9900A6BEAB /* MainTabbedView.swift */; };
		218FD28C22EAEF9900A6BEAB /* Assets.xcassets in Resources */ = {isa = PBXBuildFile; fileRef = 218FD28B22EAEF9900A6BEAB /* Assets.xcassets */; };
		218FD28F22EAEF9900A6BEAB /* Preview Assets.xcassets in Resources */ = {isa = PBXBuildFile; fileRef = 218FD28E22EAEF9900A6BEAB /* Preview Assets.xcassets */; };
		218FD29222EAEF9900A6BEAB /* LaunchScreen.storyboard in Resources */ = {isa = PBXBuildFile; fileRef = 218FD29022EAEF9900A6BEAB /* LaunchScreen.storyboard */; };
/* End PBXBuildFile section */

/* Begin PBXFileReference section */
		168AE12A22EBEB6300DFBB6F /* OSLog.swift */ = {isa = PBXFileReference; lastKnownFileType = sourcecode.swift; path = OSLog.swift; sourceTree = "<group>"; };
		168AE12C22EBEEDE00DFBB6F /* api.json */ = {isa = PBXFileReference; fileEncoding = 4; lastKnownFileType = text.json; path = api.json; sourceTree = "<group>"; };
		168AE12F22EBF11600DFBB6F /* HomeView.swift */ = {isa = PBXFileReference; lastKnownFileType = sourcecode.swift; path = HomeView.swift; sourceTree = "<group>"; };
		168AE13622EBF18D00DFBB6F /* ScheduleView.swift */ = {isa = PBXFileReference; lastKnownFileType = sourcecode.swift; path = ScheduleView.swift; sourceTree = "<group>"; };
		168AE13822EBF1C000DFBB6F /* VideoView.swift */ = {isa = PBXFileReference; lastKnownFileType = sourcecode.swift; path = VideoView.swift; sourceTree = "<group>"; };
		168AE13A22EBF1DA00DFBB6F /* PeopleView.swift */ = {isa = PBXFileReference; lastKnownFileType = sourcecode.swift; path = PeopleView.swift; sourceTree = "<group>"; };
		168AE13C22EBF20E00DFBB6F /* VenueView.swift */ = {isa = PBXFileReference; lastKnownFileType = sourcecode.swift; path = VenueView.swift; sourceTree = "<group>"; };
		168AE13E22EBF22200DFBB6F /* SettingsView.swift */ = {isa = PBXFileReference; lastKnownFileType = sourcecode.swift; path = SettingsView.swift; sourceTree = "<group>"; };
		218FD28222EAEF9900A6BEAB /* LetSwift.app */ = {isa = PBXFileReference; explicitFileType = wrapper.application; includeInIndex = 0; path = LetSwift.app; sourceTree = BUILT_PRODUCTS_DIR; };
		218FD28522EAEF9900A6BEAB /* AppDelegate.swift */ = {isa = PBXFileReference; lastKnownFileType = sourcecode.swift; path = AppDelegate.swift; sourceTree = "<group>"; };
		218FD28722EAEF9900A6BEAB /* SceneDelegate.swift */ = {isa = PBXFileReference; lastKnownFileType = sourcecode.swift; path = SceneDelegate.swift; sourceTree = "<group>"; };
		218FD28922EAEF9900A6BEAB /* MainTabbedView.swift */ = {isa = PBXFileReference; lastKnownFileType = sourcecode.swift; path = MainTabbedView.swift; sourceTree = "<group>"; };
		218FD28B22EAEF9900A6BEAB /* Assets.xcassets */ = {isa = PBXFileReference; lastKnownFileType = folder.assetcatalog; path = Assets.xcassets; sourceTree = "<group>"; };
		218FD28E22EAEF9900A6BEAB /* Preview Assets.xcassets */ = {isa = PBXFileReference; lastKnownFileType = folder.assetcatalog; path = "Preview Assets.xcassets"; sourceTree = "<group>"; };
		218FD29122EAEF9900A6BEAB /* Base */ = {isa = PBXFileReference; lastKnownFileType = file.storyboard; name = Base; path = Base.lproj/LaunchScreen.storyboard; sourceTree = "<group>"; };
		218FD29322EAEF9900A6BEAB /* Info.plist */ = {isa = PBXFileReference; lastKnownFileType = text.plist.xml; path = Info.plist; sourceTree = "<group>"; };
/* End PBXFileReference section */

/* Begin PBXFrameworksBuildPhase section */
		218FD27F22EAEF9900A6BEAB /* Frameworks */ = {
			isa = PBXFrameworksBuildPhase;
			buildActionMask = 2147483647;
			files = (
			);
			runOnlyForDeploymentPostprocessing = 0;
		};
/* End PBXFrameworksBuildPhase section */

/* Begin PBXGroup section */
		168AE12922EBEB5900DFBB6F /* Extension */ = {
			isa = PBXGroup;
			children = (
				168AE12A22EBEB6300DFBB6F /* OSLog.swift */,
			);
			path = Extension;
			sourceTree = "<group>";
		};
		168AE12E22EBF10E00DFBB6F /* Home */ = {
			isa = PBXGroup;
			children = (
				168AE12F22EBF11600DFBB6F /* HomeView.swift */,
			);
			path = Home;
			sourceTree = "<group>";
		};
		168AE13122EBF15D00DFBB6F /* People */ = {
			isa = PBXGroup;
			children = (
				168AE13A22EBF1DA00DFBB6F /* PeopleView.swift */,
			);
			path = People;
			sourceTree = "<group>";
		};
		168AE13222EBF16500DFBB6F /* Settings */ = {
			isa = PBXGroup;
			children = (
				168AE13E22EBF22200DFBB6F /* SettingsView.swift */,
			);
			path = Settings;
			sourceTree = "<group>";
		};
		168AE13322EBF16A00DFBB6F /* Video */ = {
			isa = PBXGroup;
			children = (
				168AE13822EBF1C000DFBB6F /* VideoView.swift */,
			);
			path = Video;
			sourceTree = "<group>";
		};
		168AE13422EBF16F00DFBB6F /* Schedule */ = {
			isa = PBXGroup;
			children = (
				168AE13622EBF18D00DFBB6F /* ScheduleView.swift */,
			);
			path = Schedule;
			sourceTree = "<group>";
		};
		168AE13522EBF17700DFBB6F /* Venue */ = {
			isa = PBXGroup;
			children = (
				168AE13C22EBF20E00DFBB6F /* VenueView.swift */,
			);
			path = Venue;
			sourceTree = "<group>";
		};
		218FD27922EAEF9900A6BEAB = {
			isa = PBXGroup;
			children = (
				218FD28422EAEF9900A6BEAB /* LetSwift */,
				218FD28322EAEF9900A6BEAB /* Products */,
			);
			sourceTree = "<group>";
		};
		218FD28322EAEF9900A6BEAB /* Products */ = {
			isa = PBXGroup;
			children = (
				218FD28222EAEF9900A6BEAB /* LetSwift.app */,
			);
			name = Products;
			sourceTree = "<group>";
		};
		218FD28422EAEF9900A6BEAB /* LetSwift */ = {
			isa = PBXGroup;
			children = (
				218FD29922EAEFA000A6BEAB /* Application */,
				218FD29A22EAEFA300A6BEAB /* View */,
				168AE12922EBEB5900DFBB6F /* Extension */,
				218FD29B22EAEFB100A6BEAB /* Resource */,
				218FD29D22EAF0D400A6BEAB /* Preview Content */,
			);
			path = LetSwift;
			sourceTree = "<group>";
		};
		218FD29922EAEFA000A6BEAB /* Application */ = {
			isa = PBXGroup;
			children = (
				218FD28522EAEF9900A6BEAB /* AppDelegate.swift */,
				218FD28722EAEF9900A6BEAB /* SceneDelegate.swift */,
				218FD29022EAEF9900A6BEAB /* LaunchScreen.storyboard */,
				218FD29322EAEF9900A6BEAB /* Info.plist */,
			);
			path = Application;
			sourceTree = "<group>";
		};
		218FD29A22EAEFA300A6BEAB /* View */ = {
			isa = PBXGroup;
			children = (
				218FD28922EAEF9900A6BEAB /* MainTabbedView.swift */,
				168AE12E22EBF10E00DFBB6F /* Home */,
				168AE13422EBF16F00DFBB6F /* Schedule */,
				168AE13322EBF16A00DFBB6F /* Video */,
				168AE13122EBF15D00DFBB6F /* People */,
				168AE13522EBF17700DFBB6F /* Venue */,
				168AE13222EBF16500DFBB6F /* Settings */,
			);
			path = View;
			sourceTree = "<group>";
		};
		218FD29B22EAEFB100A6BEAB /* Resource */ = {
			isa = PBXGroup;
			children = (
				218FD28B22EAEF9900A6BEAB /* Assets.xcassets */,
				168AE12C22EBEEDE00DFBB6F /* api.json */,
			);
			path = Resource;
			sourceTree = "<group>";
		};
		218FD29D22EAF0D400A6BEAB /* Preview Content */ = {
			isa = PBXGroup;
			children = (
				218FD28E22EAEF9900A6BEAB /* Preview Assets.xcassets */,
			);
			path = "Preview Content";
			sourceTree = "<group>";
		};
/* End PBXGroup section */

/* Begin PBXNativeTarget section */
		218FD28122EAEF9900A6BEAB /* LetSwift */ = {
			isa = PBXNativeTarget;
			buildConfigurationList = 218FD29622EAEF9900A6BEAB /* Build configuration list for PBXNativeTarget "LetSwift" */;
			buildPhases = (
				218FD27E22EAEF9900A6BEAB /* Sources */,
				218FD27F22EAEF9900A6BEAB /* Frameworks */,
				218FD28022EAEF9900A6BEAB /* Resources */,
			);
			buildRules = (
			);
			dependencies = (
			);
			name = LetSwift;
			productName = LetSwift;
			productReference = 218FD28222EAEF9900A6BEAB /* LetSwift.app */;
			productType = "com.apple.product-type.application";
		};
/* End PBXNativeTarget section */

/* Begin PBXProject section */
		218FD27A22EAEF9900A6BEAB /* Project object */ = {
			isa = PBXProject;
			attributes = {
				LastSwiftUpdateCheck = 1100;
				LastUpgradeCheck = 1100;
				ORGANIZATIONNAME = Cleanios;
				TargetAttributes = {
					218FD28122EAEF9900A6BEAB = {
						CreatedOnToolsVersion = 11.0;
					};
				};
			};
			buildConfigurationList = 218FD27D22EAEF9900A6BEAB /* Build configuration list for PBXProject "LetSwift" */;
			compatibilityVersion = "Xcode 9.3";
			developmentRegion = en;
			hasScannedForEncodings = 0;
			knownRegions = (
				en,
				Base,
			);
			mainGroup = 218FD27922EAEF9900A6BEAB;
			productRefGroup = 218FD28322EAEF9900A6BEAB /* Products */;
			projectDirPath = "";
			projectRoot = "";
			targets = (
				218FD28122EAEF9900A6BEAB /* LetSwift */,
			);
		};
/* End PBXProject section */

/* Begin PBXResourcesBuildPhase section */
		218FD28022EAEF9900A6BEAB /* Resources */ = {
			isa = PBXResourcesBuildPhase;
			buildActionMask = 2147483647;
			files = (
				218FD29222EAEF9900A6BEAB /* LaunchScreen.storyboard in Resources */,
				218FD28F22EAEF9900A6BEAB /* Preview Assets.xcassets in Resources */,
				168AE12D22EBEEDE00DFBB6F /* api.json in Resources */,
				218FD28C22EAEF9900A6BEAB /* Assets.xcassets in Resources */,
			);
			runOnlyForDeploymentPostprocessing = 0;
		};
/* End PBXResourcesBuildPhase section */

/* Begin PBXSourcesBuildPhase section */
		218FD27E22EAEF9900A6BEAB /* Sources */ = {
			isa = PBXSourcesBuildPhase;
			buildActionMask = 2147483647;
			files = (
				218FD28622EAEF9900A6BEAB /* AppDelegate.swift in Sources */,
				168AE13922EBF1C000DFBB6F /* VideoView.swift in Sources */,
				218FD28822EAEF9900A6BEAB /* SceneDelegate.swift in Sources */,
				168AE13B22EBF1DA00DFBB6F /* PeopleView.swift in Sources */,
				218FD28A22EAEF9900A6BEAB /* MainTabbedView.swift in Sources */,
				168AE13F22EBF22200DFBB6F /* SettingsView.swift in Sources */,
				168AE13D22EBF20E00DFBB6F /* VenueView.swift in Sources */,
				168AE13022EBF11600DFBB6F /* HomeView.swift in Sources */,
				168AE12B22EBEB6300DFBB6F /* OSLog.swift in Sources */,
				168AE13722EBF18D00DFBB6F /* ScheduleView.swift in Sources */,
			);
			runOnlyForDeploymentPostprocessing = 0;
		};
/* End PBXSourcesBuildPhase section */

/* Begin PBXVariantGroup section */
		218FD29022EAEF9900A6BEAB /* LaunchScreen.storyboard */ = {
			isa = PBXVariantGroup;
			children = (
				218FD29122EAEF9900A6BEAB /* Base */,
			);
			name = LaunchScreen.storyboard;
			sourceTree = "<group>";
		};
/* End PBXVariantGroup section */

/* Begin XCBuildConfiguration section */
		218FD29422EAEF9900A6BEAB /* Debug */ = {
			isa = XCBuildConfiguration;
			buildSettings = {
				ALWAYS_SEARCH_USER_PATHS = NO;
				CLANG_ANALYZER_NONNULL = YES;
				CLANG_ANALYZER_NUMBER_OBJECT_CONVERSION = YES_AGGRESSIVE;
				CLANG_CXX_LANGUAGE_STANDARD = "gnu++14";
				CLANG_CXX_LIBRARY = "libc++";
				CLANG_ENABLE_MODULES = YES;
				CLANG_ENABLE_OBJC_ARC = YES;
				CLANG_ENABLE_OBJC_WEAK = YES;
				CLANG_WARN_BLOCK_CAPTURE_AUTORELEASING = YES;
				CLANG_WARN_BOOL_CONVERSION = YES;
				CLANG_WARN_COMMA = YES;
				CLANG_WARN_CONSTANT_CONVERSION = YES;
				CLANG_WARN_DEPRECATED_OBJC_IMPLEMENTATIONS = YES;
				CLANG_WARN_DIRECT_OBJC_ISA_USAGE = YES_ERROR;
				CLANG_WARN_DOCUMENTATION_COMMENTS = YES;
				CLANG_WARN_EMPTY_BODY = YES;
				CLANG_WARN_ENUM_CONVERSION = YES;
				CLANG_WARN_INFINITE_RECURSION = YES;
				CLANG_WARN_INT_CONVERSION = YES;
				CLANG_WARN_NON_LITERAL_NULL_CONVERSION = YES;
				CLANG_WARN_OBJC_IMPLICIT_RETAIN_SELF = YES;
				CLANG_WARN_OBJC_LITERAL_CONVERSION = YES;
				CLANG_WARN_OBJC_ROOT_CLASS = YES_ERROR;
				CLANG_WARN_RANGE_LOOP_ANALYSIS = YES;
				CLANG_WARN_STRICT_PROTOTYPES = YES;
				CLANG_WARN_SUSPICIOUS_MOVE = YES;
				CLANG_WARN_UNGUARDED_AVAILABILITY = YES_AGGRESSIVE;
				CLANG_WARN_UNREACHABLE_CODE = YES;
				CLANG_WARN__DUPLICATE_METHOD_MATCH = YES;
				COPY_PHASE_STRIP = NO;
				DEBUG_INFORMATION_FORMAT = dwarf;
				ENABLE_STRICT_OBJC_MSGSEND = YES;
				ENABLE_TESTABILITY = YES;
				GCC_C_LANGUAGE_STANDARD = gnu11;
				GCC_DYNAMIC_NO_PIC = NO;
				GCC_NO_COMMON_BLOCKS = YES;
				GCC_OPTIMIZATION_LEVEL = 0;
				GCC_PREPROCESSOR_DEFINITIONS = (
					"DEBUG=1",
					"$(inherited)",
				);
				GCC_WARN_64_TO_32_BIT_CONVERSION = YES;
				GCC_WARN_ABOUT_RETURN_TYPE = YES_ERROR;
				GCC_WARN_UNDECLARED_SELECTOR = YES;
				GCC_WARN_UNINITIALIZED_AUTOS = YES_AGGRESSIVE;
				GCC_WARN_UNUSED_FUNCTION = YES;
				GCC_WARN_UNUSED_VARIABLE = YES;
				IPHONEOS_DEPLOYMENT_TARGET = 13.0;
				MTL_ENABLE_DEBUG_INFO = INCLUDE_SOURCE;
				MTL_FAST_MATH = YES;
				ONLY_ACTIVE_ARCH = YES;
				SDKROOT = iphoneos;
				SWIFT_ACTIVE_COMPILATION_CONDITIONS = DEBUG;
				SWIFT_OPTIMIZATION_LEVEL = "-Onone";
			};
			name = Debug;
		};
		218FD29522EAEF9900A6BEAB /* Release */ = {
			isa = XCBuildConfiguration;
			buildSettings = {
				ALWAYS_SEARCH_USER_PATHS = NO;
				CLANG_ANALYZER_NONNULL = YES;
				CLANG_ANALYZER_NUMBER_OBJECT_CONVERSION = YES_AGGRESSIVE;
				CLANG_CXX_LANGUAGE_STANDARD = "gnu++14";
				CLANG_CXX_LIBRARY = "libc++";
				CLANG_ENABLE_MODULES = YES;
				CLANG_ENABLE_OBJC_ARC = YES;
				CLANG_ENABLE_OBJC_WEAK = YES;
				CLANG_WARN_BLOCK_CAPTURE_AUTORELEASING = YES;
				CLANG_WARN_BOOL_CONVERSION = YES;
				CLANG_WARN_COMMA = YES;
				CLANG_WARN_CONSTANT_CONVERSION = YES;
				CLANG_WARN_DEPRECATED_OBJC_IMPLEMENTATIONS = YES;
				CLANG_WARN_DIRECT_OBJC_ISA_USAGE = YES_ERROR;
				CLANG_WARN_DOCUMENTATION_COMMENTS = YES;
				CLANG_WARN_EMPTY_BODY = YES;
				CLANG_WARN_ENUM_CONVERSION = YES;
				CLANG_WARN_INFINITE_RECURSION = YES;
				CLANG_WARN_INT_CONVERSION = YES;
				CLANG_WARN_NON_LITERAL_NULL_CONVERSION = YES;
				CLANG_WARN_OBJC_IMPLICIT_RETAIN_SELF = YES;
				CLANG_WARN_OBJC_LITERAL_CONVERSION = YES;
				CLANG_WARN_OBJC_ROOT_CLASS = YES_ERROR;
				CLANG_WARN_RANGE_LOOP_ANALYSIS = YES;
				CLANG_WARN_STRICT_PROTOTYPES = YES;
				CLANG_WARN_SUSPICIOUS_MOVE = YES;
				CLANG_WARN_UNGUARDED_AVAILABILITY = YES_AGGRESSIVE;
				CLANG_WARN_UNREACHABLE_CODE = YES;
				CLANG_WARN__DUPLICATE_METHOD_MATCH = YES;
				COPY_PHASE_STRIP = NO;
				DEBUG_INFORMATION_FORMAT = "dwarf-with-dsym";
				ENABLE_NS_ASSERTIONS = NO;
				ENABLE_STRICT_OBJC_MSGSEND = YES;
				GCC_C_LANGUAGE_STANDARD = gnu11;
				GCC_NO_COMMON_BLOCKS = YES;
				GCC_WARN_64_TO_32_BIT_CONVERSION = YES;
				GCC_WARN_ABOUT_RETURN_TYPE = YES_ERROR;
				GCC_WARN_UNDECLARED_SELECTOR = YES;
				GCC_WARN_UNINITIALIZED_AUTOS = YES_AGGRESSIVE;
				GCC_WARN_UNUSED_FUNCTION = YES;
				GCC_WARN_UNUSED_VARIABLE = YES;
				IPHONEOS_DEPLOYMENT_TARGET = 13.0;
				MTL_ENABLE_DEBUG_INFO = NO;
				MTL_FAST_MATH = YES;
				SDKROOT = iphoneos;
				SWIFT_COMPILATION_MODE = wholemodule;
				SWIFT_OPTIMIZATION_LEVEL = "-O";
				VALIDATE_PRODUCT = YES;
			};
			name = Release;
		};
		218FD29722EAEF9900A6BEAB /* Debug */ = {
			isa = XCBuildConfiguration;
			buildSettings = {
				ASSETCATALOG_COMPILER_APPICON_NAME = AppIcon;
				CODE_SIGN_STYLE = Automatic;
				CURRENT_PROJECT_VERSION = 9;
				DEVELOPMENT_ASSET_PATHS = "LetSwift/Preview\\ Content";
				DEVELOPMENT_TEAM = B3PWYBKFUK;
				ENABLE_PREVIEWS = YES;
				INFOPLIST_FILE = LetSwift/Application/Info.plist;
				LD_RUNPATH_SEARCH_PATHS = (
					"$(inherited)",
					"@executable_path/Frameworks",
				);
				MARKETING_VERSION = 2.0.0;
				PRODUCT_BUNDLE_IDENTIFIER = kr.codesquad.jk.letswift;
				PRODUCT_NAME = "$(TARGET_NAME)";
				SWIFT_VERSION = 5.0;
				TARGETED_DEVICE_FAMILY = 1;
			};
			name = Debug;
		};
		218FD29822EAEF9900A6BEAB /* Release */ = {
			isa = XCBuildConfiguration;
			buildSettings = {
				ASSETCATALOG_COMPILER_APPICON_NAME = AppIcon;
				CODE_SIGN_STYLE = Automatic;
				CURRENT_PROJECT_VERSION = 9;
				DEVELOPMENT_ASSET_PATHS = "LetSwift/Preview\\ Content";
				DEVELOPMENT_TEAM = B3PWYBKFUK;
				ENABLE_PREVIEWS = YES;
				INFOPLIST_FILE = LetSwift/Application/Info.plist;
				LD_RUNPATH_SEARCH_PATHS = (
					"$(inherited)",
					"@executable_path/Frameworks",
				);
				MARKETING_VERSION = 2.0.0;
				PRODUCT_BUNDLE_IDENTIFIER = kr.codesquad.jk.letswift;
				PRODUCT_NAME = "$(TARGET_NAME)";
				SWIFT_VERSION = 5.0;
				TARGETED_DEVICE_FAMILY = 1;
			};
			name = Release;
		};
/* End XCBuildConfiguration section */

/* Begin XCConfigurationList section */
		218FD27D22EAEF9900A6BEAB /* Build configuration list for PBXProject "LetSwift" */ = {
			isa = XCConfigurationList;
			buildConfigurations = (
				218FD29422EAEF9900A6BEAB /* Debug */,
				218FD29522EAEF9900A6BEAB /* Release */,
			);
			defaultConfigurationIsVisible = 0;
			defaultConfigurationName = Release;
		};
		218FD29622EAEF9900A6BEAB /* Build configuration list for PBXNativeTarget "LetSwift" */ = {
			isa = XCConfigurationList;
			buildConfigurations = (
				218FD29722EAEF9900A6BEAB /* Debug */,
				218FD29822EAEF9900A6BEAB /* Release */,
			);
			defaultConfigurationIsVisible = 0;
			defaultConfigurationName = Release;
		};
/* End XCConfigurationList section */
	};
	rootObject = 218FD27A22EAEF9900A6BEAB /* Project object */;
}
