// !$*UTF8*$!
{
	archiveVersion = 1;
	classes = {
	};
	objectVersion = 56;
	objects = {

/* Begin PBXBuildFile section */
		1CD16E682C8609E5006E4B53 /* SessionViewModel.swift in Sources */ = {isa = PBXBuildFile; fileRef = 1CD16E672C8609E5006E4B53 /* SessionViewModel.swift */; };
		1CD16E6A2C861323006E4B53 /* SessionTab.swift in Sources */ = {isa = PBXBuildFile; fileRef = 1CD16E692C861323006E4B53 /* SessionTab.swift */; };
		214AA4562C42296200C1C747 /* InformationView.swift in Sources */ = {isa = PBXBuildFile; fileRef = 214AA4552C42296200C1C747 /* InformationView.swift */; };
		214AA45A2C42298500C1C747 /* MoreView.swift in Sources */ = {isa = PBXBuildFile; fileRef = 214AA4592C42298500C1C747 /* MoreView.swift */; };
		214AA45C2C4229F900C1C747 /* Localizable.xcstrings in Resources */ = {isa = PBXBuildFile; fileRef = 214AA45B2C4229F900C1C747 /* Localizable.xcstrings */; };
		214AA45E2C422A0400C1C747 /* InfoPlist.xcstrings in Resources */ = {isa = PBXBuildFile; fileRef = 214AA45D2C422A0400C1C747 /* InfoPlist.xcstrings */; };
		214AA4642C422BE600C1C747 /* SpeakersView.swift in Sources */ = {isa = PBXBuildFile; fileRef = 214AA4632C422BE600C1C747 /* SpeakersView.swift */; };
		214AA4662C422DB000C1C747 /* SponsorsView.swift in Sources */ = {isa = PBXBuildFile; fileRef = 214AA4652C422DB000C1C747 /* SponsorsView.swift */; };
		214AA4682C422EB400C1C747 /* PastEventsView.swift in Sources */ = {isa = PBXBuildFile; fileRef = 214AA4672C422EB400C1C747 /* PastEventsView.swift */; };
		214AA46A2C422F2100C1C747 /* TimeTableView.swift in Sources */ = {isa = PBXBuildFile; fileRef = 214AA4692C422F2100C1C747 /* TimeTableView.swift */; };
		219973562C3F5F5B0015D1AF /* LetSwiftApp.swift in Sources */ = {isa = PBXBuildFile; fileRef = 219973552C3F5F5B0015D1AF /* LetSwiftApp.swift */; };
		2199735A2C3F5F5D0015D1AF /* Assets.xcassets in Resources */ = {isa = PBXBuildFile; fileRef = 219973592C3F5F5D0015D1AF /* Assets.xcassets */; };
		2199735D2C3F5F5D0015D1AF /* Preview Assets.xcassets in Resources */ = {isa = PBXBuildFile; fileRef = 2199735C2C3F5F5D0015D1AF /* Preview Assets.xcassets */; };
		2199736B2C3F60ED0015D1AF /* LetSwift_macOSApp.swift in Sources */ = {isa = PBXBuildFile; fileRef = 2199736A2C3F60ED0015D1AF /* LetSwift_macOSApp.swift */; };
		2199736D2C3F60ED0015D1AF /* ContentView.swift in Sources */ = {isa = PBXBuildFile; fileRef = 2199736C2C3F60ED0015D1AF /* ContentView.swift */; };
		2199736F2C3F60EF0015D1AF /* Assets.xcassets in Resources */ = {isa = PBXBuildFile; fileRef = 2199736E2C3F60EF0015D1AF /* Assets.xcassets */; };
		219973722C3F60EF0015D1AF /* Preview Assets.xcassets in Resources */ = {isa = PBXBuildFile; fileRef = 219973712C3F60EF0015D1AF /* Preview Assets.xcassets */; };
		219973822C3F61000015D1AF /* LetSwift_visionOSApp.swift in Sources */ = {isa = PBXBuildFile; fileRef = 219973812C3F61000015D1AF /* LetSwift_visionOSApp.swift */; };
		219973842C3F61000015D1AF /* ContentView.swift in Sources */ = {isa = PBXBuildFile; fileRef = 219973832C3F61000015D1AF /* ContentView.swift */; };
		219973862C3F61020015D1AF /* Assets.xcassets in Resources */ = {isa = PBXBuildFile; fileRef = 219973852C3F61020015D1AF /* Assets.xcassets */; };
		219973892C3F61020015D1AF /* Preview Assets.xcassets in Resources */ = {isa = PBXBuildFile; fileRef = 219973882C3F61020015D1AF /* Preview Assets.xcassets */; };
		219973902C4222870015D1AF /* MainView.swift in Sources */ = {isa = PBXBuildFile; fileRef = 219973572C3F5F5B0015D1AF /* MainView.swift */; };
		4D7B0FF02C7F60A500670837 /* LocationAndDateView.swift in Sources */ = {isa = PBXBuildFile; fileRef = 4D7B0FEF2C7F60A500670837 /* LocationAndDateView.swift */; };
		4D7B0FF22C7F724500670837 /* LinkButton.swift in Sources */ = {isa = PBXBuildFile; fileRef = 4D7B0FF12C7F724500670837 /* LinkButton.swift */; };
		4D7B0FFC2C8066C000670837 /* SampleView.swift in Sources */ = {isa = PBXBuildFile; fileRef = 4D7B0FFB2C8066C000670837 /* SampleView.swift */; };
		4D7B0FFF2C80721C00670837 /* WebView.swift in Sources */ = {isa = PBXBuildFile; fileRef = 4D7B0FFE2C80721C00670837 /* WebView.swift */; };
		4D7B10022C80734700670837 /* HomeNavigationViewModel.swift in Sources */ = {isa = PBXBuildFile; fileRef = 4D7B10012C80734700670837 /* HomeNavigationViewModel.swift */; };
		4D7B10052C8073A100670837 /* HomeRoute.swift in Sources */ = {isa = PBXBuildFile; fileRef = 4D7B10042C8073A100670837 /* HomeRoute.swift */; };
		988A2CF22C96A62600B160FC /* Company.swift in Sources */ = {isa = PBXBuildFile; fileRef = 988A2CE92C96A62600B160FC /* Company.swift */; };
		988A2CF32C96A62600B160FC /* NFCError.swift in Sources */ = {isa = PBXBuildFile; fileRef = 988A2CEB2C96A62600B160FC /* NFCError.swift */; };
		988A2CF42C96A62600B160FC /* NFCValidation.swift in Sources */ = {isa = PBXBuildFile; fileRef = 988A2CEC2C96A62600B160FC /* NFCValidation.swift */; };
		988A2CF52C96A62600B160FC /* EventsView.swift in Sources */ = {isa = PBXBuildFile; fileRef = 988A2CEE2C96A62600B160FC /* EventsView.swift */; };
		988A2CF72C96A62600B160FC /* StampButton.swift in Sources */ = {isa = PBXBuildFile; fileRef = 988A2CF02C96A62600B160FC /* StampButton.swift */; };
		98B898842C96A81600A7073D /* NFCLocalizable.xcstrings in Resources */ = {isa = PBXBuildFile; fileRef = 98B898832C96A81600A7073D /* NFCLocalizable.xcstrings */; };
		C16B9E542C74CBD9009CCC06 /* Pretendard-Bold.otf in Resources */ = {isa = PBXBuildFile; fileRef = C16B9E532C74CBD9009CCC06 /* Pretendard-Bold.otf */; };
		C16B9E552C74CBD9009CCC06 /* Pretendard-Bold.otf in Resources */ = {isa = PBXBuildFile; fileRef = C16B9E532C74CBD9009CCC06 /* Pretendard-Bold.otf */; };
		C16B9E562C74CBD9009CCC06 /* Pretendard-Bold.otf in Resources */ = {isa = PBXBuildFile; fileRef = C16B9E532C74CBD9009CCC06 /* Pretendard-Bold.otf */; };
		C16B9E5A2C74CBEF009CCC06 /* Pretendard-Regular.otf in Resources */ = {isa = PBXBuildFile; fileRef = C16B9E572C74CBEF009CCC06 /* Pretendard-Regular.otf */; };
		C16B9E5B2C74CBEF009CCC06 /* Pretendard-Regular.otf in Resources */ = {isa = PBXBuildFile; fileRef = C16B9E572C74CBEF009CCC06 /* Pretendard-Regular.otf */; };
		C16B9E5C2C74CBEF009CCC06 /* Pretendard-Regular.otf in Resources */ = {isa = PBXBuildFile; fileRef = C16B9E572C74CBEF009CCC06 /* Pretendard-Regular.otf */; };
		C16B9E5D2C74CBEF009CCC06 /* Pretendard-SemiBold.otf in Resources */ = {isa = PBXBuildFile; fileRef = C16B9E582C74CBEF009CCC06 /* Pretendard-SemiBold.otf */; };
		C16B9E5E2C74CBEF009CCC06 /* Pretendard-SemiBold.otf in Resources */ = {isa = PBXBuildFile; fileRef = C16B9E582C74CBEF009CCC06 /* Pretendard-SemiBold.otf */; };
		C16B9E5F2C74CBEF009CCC06 /* Pretendard-SemiBold.otf in Resources */ = {isa = PBXBuildFile; fileRef = C16B9E582C74CBEF009CCC06 /* Pretendard-SemiBold.otf */; };
		C16B9E602C74CBEF009CCC06 /* Pretendard-Medium.otf in Resources */ = {isa = PBXBuildFile; fileRef = C16B9E592C74CBEF009CCC06 /* Pretendard-Medium.otf */; };
		C16B9E612C74CBEF009CCC06 /* Pretendard-Medium.otf in Resources */ = {isa = PBXBuildFile; fileRef = C16B9E592C74CBEF009CCC06 /* Pretendard-Medium.otf */; };
		C16B9E622C74CBEF009CCC06 /* Pretendard-Medium.otf in Resources */ = {isa = PBXBuildFile; fileRef = C16B9E592C74CBEF009CCC06 /* Pretendard-Medium.otf */; };
		C16B9E652C74D49F009CCC06 /* Font+Extensions.swift in Sources */ = {isa = PBXBuildFile; fileRef = C16B9E642C74D49F009CCC06 /* Font+Extensions.swift */; };
		C16B9E662C74D49F009CCC06 /* Font+Extensions.swift in Sources */ = {isa = PBXBuildFile; fileRef = C16B9E642C74D49F009CCC06 /* Font+Extensions.swift */; };
		C16B9E672C74D49F009CCC06 /* Font+Extensions.swift in Sources */ = {isa = PBXBuildFile; fileRef = C16B9E642C74D49F009CCC06 /* Font+Extensions.swift */; };
		C1CED42D2CAC66830011FFDD /* Launch Screen.storyboard in Resources */ = {isa = PBXBuildFile; fileRef = C1CED42C2CAC66830011FFDD /* Launch Screen.storyboard */; };
		D19F73E92C80CB4B009D0D9F /* SessionView.swift in Sources */ = {isa = PBXBuildFile; fileRef = D19F73E82C80CB4B009D0D9F /* SessionView.swift */; };
		D19F73EC2C80D5F5009D0D9F /* Session.swift in Sources */ = {isa = PBXBuildFile; fileRef = D19F73EB2C80D5F5009D0D9F /* Session.swift */; };
		D19F73F02C80D6D0009D0D9F /* Session+SampleData.swift in Sources */ = {isa = PBXBuildFile; fileRef = D19F73EF2C80D6D0009D0D9F /* Session+SampleData.swift */; };
		D22F97F92CA47F29007BF1C9 /* PreviousView.swift in Sources */ = {isa = PBXBuildFile; fileRef = D22F97F82CA47F27007BF1C9 /* PreviousView.swift */; };
		D22F97FB2CA47FDA007BF1C9 /* VideoItem.swift in Sources */ = {isa = PBXBuildFile; fileRef = D22F97FA2CA47FD4007BF1C9 /* VideoItem.swift */; };
		D22F98042CA48039007BF1C9 /* playlist-2023.json in Resources */ = {isa = PBXBuildFile; fileRef = D22F98032CA48039007BF1C9 /* playlist-2023.json */; };
		D22F98052CA48039007BF1C9 /* playlist-2016.json in Resources */ = {isa = PBXBuildFile; fileRef = D22F97FD2CA48039007BF1C9 /* playlist-2016.json */; };
		D22F98062CA48039007BF1C9 /* playlist-2019.json in Resources */ = {isa = PBXBuildFile; fileRef = D22F98002CA48039007BF1C9 /* playlist-2019.json */; };
		D22F98072CA48039007BF1C9 /* playlist-2020.json in Resources */ = {isa = PBXBuildFile; fileRef = D22F98012CA48039007BF1C9 /* playlist-2020.json */; };
		D22F98082CA48039007BF1C9 /* playlist-2022.json in Resources */ = {isa = PBXBuildFile; fileRef = D22F98022CA48039007BF1C9 /* playlist-2022.json */; };
		D22F98092CA48039007BF1C9 /* playlist-2018.json in Resources */ = {isa = PBXBuildFile; fileRef = D22F97FF2CA48039007BF1C9 /* playlist-2018.json */; };
		D22F980A2CA48039007BF1C9 /* playlist-2017.json in Resources */ = {isa = PBXBuildFile; fileRef = D22F97FE2CA48039007BF1C9 /* playlist-2017.json */; };
		D22F980B2CA48039007BF1C9 /* playlist-2023.json in Resources */ = {isa = PBXBuildFile; fileRef = D22F98032CA48039007BF1C9 /* playlist-2023.json */; };
		D22F980C2CA48039007BF1C9 /* playlist-2016.json in Resources */ = {isa = PBXBuildFile; fileRef = D22F97FD2CA48039007BF1C9 /* playlist-2016.json */; };
		D22F980D2CA48039007BF1C9 /* playlist-2019.json in Resources */ = {isa = PBXBuildFile; fileRef = D22F98002CA48039007BF1C9 /* playlist-2019.json */; };
		D22F980E2CA48039007BF1C9 /* playlist-2020.json in Resources */ = {isa = PBXBuildFile; fileRef = D22F98012CA48039007BF1C9 /* playlist-2020.json */; };
		D22F980F2CA48039007BF1C9 /* playlist-2022.json in Resources */ = {isa = PBXBuildFile; fileRef = D22F98022CA48039007BF1C9 /* playlist-2022.json */; };
		D22F98102CA48039007BF1C9 /* playlist-2018.json in Resources */ = {isa = PBXBuildFile; fileRef = D22F97FF2CA48039007BF1C9 /* playlist-2018.json */; };
		D22F98112CA48039007BF1C9 /* playlist-2017.json in Resources */ = {isa = PBXBuildFile; fileRef = D22F97FE2CA48039007BF1C9 /* playlist-2017.json */; };
		D22F98122CA48039007BF1C9 /* playlist-2023.json in Resources */ = {isa = PBXBuildFile; fileRef = D22F98032CA48039007BF1C9 /* playlist-2023.json */; };
		D22F98132CA48039007BF1C9 /* playlist-2016.json in Resources */ = {isa = PBXBuildFile; fileRef = D22F97FD2CA48039007BF1C9 /* playlist-2016.json */; };
		D22F98142CA48039007BF1C9 /* playlist-2019.json in Resources */ = {isa = PBXBuildFile; fileRef = D22F98002CA48039007BF1C9 /* playlist-2019.json */; };
		D22F98152CA48039007BF1C9 /* playlist-2020.json in Resources */ = {isa = PBXBuildFile; fileRef = D22F98012CA48039007BF1C9 /* playlist-2020.json */; };
		D22F98162CA48039007BF1C9 /* playlist-2022.json in Resources */ = {isa = PBXBuildFile; fileRef = D22F98022CA48039007BF1C9 /* playlist-2022.json */; };
		D22F98172CA48039007BF1C9 /* playlist-2018.json in Resources */ = {isa = PBXBuildFile; fileRef = D22F97FF2CA48039007BF1C9 /* playlist-2018.json */; };
		D22F98182CA48039007BF1C9 /* playlist-2017.json in Resources */ = {isa = PBXBuildFile; fileRef = D22F97FE2CA48039007BF1C9 /* playlist-2017.json */; };
		D22F981A2CA48912007BF1C9 /* PreviousViewModel.swift in Sources */ = {isa = PBXBuildFile; fileRef = D22F98192CA48903007BF1C9 /* PreviousViewModel.swift */; };
		D22F981C2CA489E4007BF1C9 /* VideoPlayerView.swift in Sources */ = {isa = PBXBuildFile; fileRef = D22F981B2CA489E2007BF1C9 /* VideoPlayerView.swift */; };
		D22F98202CA48A6E007BF1C9 /* VideoListView.swift in Sources */ = {isa = PBXBuildFile; fileRef = D22F981F2CA48A6A007BF1C9 /* VideoListView.swift */; };
		D22F98222CA48B09007BF1C9 /* YearKeywordsView.swift in Sources */ = {isa = PBXBuildFile; fileRef = D22F98212CA48B09007BF1C9 /* YearKeywordsView.swift */; };
		D22F98242CA48B77007BF1C9 /* SearchView.swift in Sources */ = {isa = PBXBuildFile; fileRef = D22F98232CA48B75007BF1C9 /* SearchView.swift */; };
		D46704982C84D154000F6B7F /* MoreSectionDivider.swift in Sources */ = {isa = PBXBuildFile; fileRef = D46704972C84D154000F6B7F /* MoreSectionDivider.swift */; };
		D467049A2C84D29E000F6B7F /* MoreCellView.swift in Sources */ = {isa = PBXBuildFile; fileRef = D46704992C84D29E000F6B7F /* MoreCellView.swift */; };
		D467049D2C88C2AE000F6B7F /* More.swift in Sources */ = {isa = PBXBuildFile; fileRef = D467049C2C88C2AE000F6B7F /* More.swift */; };
		D46704A12C88C5C1000F6B7F /* MoreViewModel.swift in Sources */ = {isa = PBXBuildFile; fileRef = D46704A02C88C5C1000F6B7F /* MoreViewModel.swift */; };
/* End PBXBuildFile section */

/* Begin PBXFileReference section */
		1CD16E672C8609E5006E4B53 /* SessionViewModel.swift */ = {isa = PBXFileReference; lastKnownFileType = sourcecode.swift; path = SessionViewModel.swift; sourceTree = "<group>"; };
		1CD16E692C861323006E4B53 /* SessionTab.swift */ = {isa = PBXFileReference; lastKnownFileType = sourcecode.swift; path = SessionTab.swift; sourceTree = "<group>"; };
		214AA4552C42296200C1C747 /* InformationView.swift */ = {isa = PBXFileReference; lastKnownFileType = sourcecode.swift; path = InformationView.swift; sourceTree = "<group>"; };
		214AA4592C42298500C1C747 /* MoreView.swift */ = {isa = PBXFileReference; lastKnownFileType = sourcecode.swift; path = MoreView.swift; sourceTree = "<group>"; };
		214AA45B2C4229F900C1C747 /* Localizable.xcstrings */ = {isa = PBXFileReference; lastKnownFileType = text.json.xcstrings; path = Localizable.xcstrings; sourceTree = "<group>"; };
		214AA45D2C422A0400C1C747 /* InfoPlist.xcstrings */ = {isa = PBXFileReference; lastKnownFileType = text.json.xcstrings; path = InfoPlist.xcstrings; sourceTree = "<group>"; };
		214AA4632C422BE600C1C747 /* SpeakersView.swift */ = {isa = PBXFileReference; lastKnownFileType = sourcecode.swift; path = SpeakersView.swift; sourceTree = "<group>"; };
		214AA4652C422DB000C1C747 /* SponsorsView.swift */ = {isa = PBXFileReference; lastKnownFileType = sourcecode.swift; path = SponsorsView.swift; sourceTree = "<group>"; };
		214AA4672C422EB400C1C747 /* PastEventsView.swift */ = {isa = PBXFileReference; lastKnownFileType = sourcecode.swift; path = PastEventsView.swift; sourceTree = "<group>"; };
		214AA4692C422F2100C1C747 /* TimeTableView.swift */ = {isa = PBXFileReference; lastKnownFileType = sourcecode.swift; path = TimeTableView.swift; sourceTree = "<group>"; };
		219973522C3F5F5B0015D1AF /* LetSwift.app */ = {isa = PBXFileReference; explicitFileType = wrapper.application; includeInIndex = 0; path = LetSwift.app; sourceTree = BUILT_PRODUCTS_DIR; };
		219973552C3F5F5B0015D1AF /* LetSwiftApp.swift */ = {isa = PBXFileReference; lastKnownFileType = sourcecode.swift; path = LetSwiftApp.swift; sourceTree = "<group>"; };
		219973572C3F5F5B0015D1AF /* MainView.swift */ = {isa = PBXFileReference; lastKnownFileType = sourcecode.swift; path = MainView.swift; sourceTree = "<group>"; };
		219973592C3F5F5D0015D1AF /* Assets.xcassets */ = {isa = PBXFileReference; lastKnownFileType = folder.assetcatalog; path = Assets.xcassets; sourceTree = "<group>"; };
		2199735C2C3F5F5D0015D1AF /* Preview Assets.xcassets */ = {isa = PBXFileReference; lastKnownFileType = folder.assetcatalog; path = "Preview Assets.xcassets"; sourceTree = "<group>"; };
		219973682C3F60ED0015D1AF /* LetSwift-macOS.app */ = {isa = PBXFileReference; explicitFileType = wrapper.application; includeInIndex = 0; path = "LetSwift-macOS.app"; sourceTree = BUILT_PRODUCTS_DIR; };
		2199736A2C3F60ED0015D1AF /* LetSwift_macOSApp.swift */ = {isa = PBXFileReference; lastKnownFileType = sourcecode.swift; path = LetSwift_macOSApp.swift; sourceTree = "<group>"; };
		2199736C2C3F60ED0015D1AF /* ContentView.swift */ = {isa = PBXFileReference; lastKnownFileType = sourcecode.swift; path = ContentView.swift; sourceTree = "<group>"; };
		2199736E2C3F60EF0015D1AF /* Assets.xcassets */ = {isa = PBXFileReference; lastKnownFileType = folder.assetcatalog; path = Assets.xcassets; sourceTree = "<group>"; };
		219973712C3F60EF0015D1AF /* Preview Assets.xcassets */ = {isa = PBXFileReference; lastKnownFileType = folder.assetcatalog; path = "Preview Assets.xcassets"; sourceTree = "<group>"; };
		219973732C3F60EF0015D1AF /* LetSwift_macOS.entitlements */ = {isa = PBXFileReference; lastKnownFileType = text.plist.entitlements; path = LetSwift_macOS.entitlements; sourceTree = "<group>"; };
		2199737B2C3F61000015D1AF /* LetSwift-visionOS.app */ = {isa = PBXFileReference; explicitFileType = wrapper.application; includeInIndex = 0; path = "LetSwift-visionOS.app"; sourceTree = BUILT_PRODUCTS_DIR; };
		219973812C3F61000015D1AF /* LetSwift_visionOSApp.swift */ = {isa = PBXFileReference; lastKnownFileType = sourcecode.swift; path = LetSwift_visionOSApp.swift; sourceTree = "<group>"; };
		219973832C3F61000015D1AF /* ContentView.swift */ = {isa = PBXFileReference; lastKnownFileType = sourcecode.swift; path = ContentView.swift; sourceTree = "<group>"; };
		219973852C3F61020015D1AF /* Assets.xcassets */ = {isa = PBXFileReference; lastKnownFileType = folder.assetcatalog; path = Assets.xcassets; sourceTree = "<group>"; };
		219973882C3F61020015D1AF /* Preview Assets.xcassets */ = {isa = PBXFileReference; lastKnownFileType = folder.assetcatalog; path = "Preview Assets.xcassets"; sourceTree = "<group>"; };
		2199738A2C3F61020015D1AF /* Info.plist */ = {isa = PBXFileReference; lastKnownFileType = text.plist.xml; path = Info.plist; sourceTree = "<group>"; };
		4D7B0FEF2C7F60A500670837 /* LocationAndDateView.swift */ = {isa = PBXFileReference; lastKnownFileType = sourcecode.swift; path = LocationAndDateView.swift; sourceTree = "<group>"; };
		4D7B0FF12C7F724500670837 /* LinkButton.swift */ = {isa = PBXFileReference; lastKnownFileType = sourcecode.swift; path = LinkButton.swift; sourceTree = "<group>"; };
		4D7B0FFB2C8066C000670837 /* SampleView.swift */ = {isa = PBXFileReference; lastKnownFileType = sourcecode.swift; path = SampleView.swift; sourceTree = "<group>"; };
		4D7B0FFE2C80721C00670837 /* WebView.swift */ = {isa = PBXFileReference; lastKnownFileType = sourcecode.swift; path = WebView.swift; sourceTree = "<group>"; };
		4D7B10012C80734700670837 /* HomeNavigationViewModel.swift */ = {isa = PBXFileReference; fileEncoding = 4; lastKnownFileType = sourcecode.swift; path = HomeNavigationViewModel.swift; sourceTree = "<group>"; };
		4D7B10042C8073A100670837 /* HomeRoute.swift */ = {isa = PBXFileReference; fileEncoding = 4; lastKnownFileType = sourcecode.swift; path = HomeRoute.swift; sourceTree = "<group>"; };
		988A2CE92C96A62600B160FC /* Company.swift */ = {isa = PBXFileReference; fileEncoding = 4; lastKnownFileType = sourcecode.swift; path = Company.swift; sourceTree = "<group>"; };
		988A2CEB2C96A62600B160FC /* NFCError.swift */ = {isa = PBXFileReference; fileEncoding = 4; lastKnownFileType = sourcecode.swift; path = NFCError.swift; sourceTree = "<group>"; };
		988A2CEC2C96A62600B160FC /* NFCValidation.swift */ = {isa = PBXFileReference; fileEncoding = 4; lastKnownFileType = sourcecode.swift; path = NFCValidation.swift; sourceTree = "<group>"; };
		988A2CEE2C96A62600B160FC /* EventsView.swift */ = {isa = PBXFileReference; fileEncoding = 4; lastKnownFileType = sourcecode.swift; path = EventsView.swift; sourceTree = "<group>"; };
		988A2CF02C96A62600B160FC /* StampButton.swift */ = {isa = PBXFileReference; fileEncoding = 4; lastKnownFileType = sourcecode.swift; path = StampButton.swift; sourceTree = "<group>"; };
		98B898832C96A81600A7073D /* NFCLocalizable.xcstrings */ = {isa = PBXFileReference; fileEncoding = 4; lastKnownFileType = text.json.xcstrings; path = NFCLocalizable.xcstrings; sourceTree = "<group>"; };
		98B898852C98276100A7073D /* LetSwift.entitlements */ = {isa = PBXFileReference; lastKnownFileType = text.plist.entitlements; path = LetSwift.entitlements; sourceTree = "<group>"; };
		C16B9E532C74CBD9009CCC06 /* Pretendard-Bold.otf */ = {isa = PBXFileReference; lastKnownFileType = file; path = "Pretendard-Bold.otf"; sourceTree = "<group>"; };
		C16B9E572C74CBEF009CCC06 /* Pretendard-Regular.otf */ = {isa = PBXFileReference; lastKnownFileType = file; path = "Pretendard-Regular.otf"; sourceTree = "<group>"; };
		C16B9E582C74CBEF009CCC06 /* Pretendard-SemiBold.otf */ = {isa = PBXFileReference; lastKnownFileType = file; path = "Pretendard-SemiBold.otf"; sourceTree = "<group>"; };
		C16B9E592C74CBEF009CCC06 /* Pretendard-Medium.otf */ = {isa = PBXFileReference; lastKnownFileType = file; path = "Pretendard-Medium.otf"; sourceTree = "<group>"; };
		C16B9E632C74CEAE009CCC06 /* Info.plist */ = {isa = PBXFileReference; lastKnownFileType = text.plist; path = Info.plist; sourceTree = "<group>"; };
		C16B9E642C74D49F009CCC06 /* Font+Extensions.swift */ = {isa = PBXFileReference; lastKnownFileType = sourcecode.swift; path = "Font+Extensions.swift"; sourceTree = "<group>"; };
		C1CED42C2CAC66830011FFDD /* Launch Screen.storyboard */ = {isa = PBXFileReference; lastKnownFileType = file.storyboard; path = "Launch Screen.storyboard"; sourceTree = "<group>"; };
		D19F73E82C80CB4B009D0D9F /* SessionView.swift */ = {isa = PBXFileReference; lastKnownFileType = sourcecode.swift; path = SessionView.swift; sourceTree = "<group>"; };
		D19F73EB2C80D5F5009D0D9F /* Session.swift */ = {isa = PBXFileReference; lastKnownFileType = sourcecode.swift; path = Session.swift; sourceTree = "<group>"; };
		D19F73EF2C80D6D0009D0D9F /* Session+SampleData.swift */ = {isa = PBXFileReference; lastKnownFileType = sourcecode.swift; path = "Session+SampleData.swift"; sourceTree = "<group>"; };
		D22F97F82CA47F27007BF1C9 /* PreviousView.swift */ = {isa = PBXFileReference; lastKnownFileType = sourcecode.swift; path = PreviousView.swift; sourceTree = "<group>"; };
		D22F97FA2CA47FD4007BF1C9 /* VideoItem.swift */ = {isa = PBXFileReference; lastKnownFileType = sourcecode.swift; path = VideoItem.swift; sourceTree = "<group>"; };
		D22F97FD2CA48039007BF1C9 /* playlist-2016.json */ = {isa = PBXFileReference; lastKnownFileType = text.json; path = "playlist-2016.json"; sourceTree = "<group>"; };
		D22F97FE2CA48039007BF1C9 /* playlist-2017.json */ = {isa = PBXFileReference; lastKnownFileType = text.json; path = "playlist-2017.json"; sourceTree = "<group>"; };
		D22F97FF2CA48039007BF1C9 /* playlist-2018.json */ = {isa = PBXFileReference; lastKnownFileType = text.json; path = "playlist-2018.json"; sourceTree = "<group>"; };
		D22F98002CA48039007BF1C9 /* playlist-2019.json */ = {isa = PBXFileReference; lastKnownFileType = text.json; path = "playlist-2019.json"; sourceTree = "<group>"; };
		D22F98012CA48039007BF1C9 /* playlist-2020.json */ = {isa = PBXFileReference; lastKnownFileType = text.json; path = "playlist-2020.json"; sourceTree = "<group>"; };
		D22F98022CA48039007BF1C9 /* playlist-2022.json */ = {isa = PBXFileReference; lastKnownFileType = text.json; path = "playlist-2022.json"; sourceTree = "<group>"; };
		D22F98032CA48039007BF1C9 /* playlist-2023.json */ = {isa = PBXFileReference; lastKnownFileType = text.json; path = "playlist-2023.json"; sourceTree = "<group>"; };
		D22F98192CA48903007BF1C9 /* PreviousViewModel.swift */ = {isa = PBXFileReference; lastKnownFileType = sourcecode.swift; path = PreviousViewModel.swift; sourceTree = "<group>"; };
		D22F981B2CA489E2007BF1C9 /* VideoPlayerView.swift */ = {isa = PBXFileReference; lastKnownFileType = sourcecode.swift; path = VideoPlayerView.swift; sourceTree = "<group>"; };
		D22F981F2CA48A6A007BF1C9 /* VideoListView.swift */ = {isa = PBXFileReference; lastKnownFileType = sourcecode.swift; path = VideoListView.swift; sourceTree = "<group>"; };
		D22F98212CA48B09007BF1C9 /* YearKeywordsView.swift */ = {isa = PBXFileReference; lastKnownFileType = sourcecode.swift; path = YearKeywordsView.swift; sourceTree = "<group>"; };
		D22F98232CA48B75007BF1C9 /* SearchView.swift */ = {isa = PBXFileReference; lastKnownFileType = sourcecode.swift; path = SearchView.swift; sourceTree = "<group>"; };
		D46704972C84D154000F6B7F /* MoreSectionDivider.swift */ = {isa = PBXFileReference; lastKnownFileType = sourcecode.swift; path = MoreSectionDivider.swift; sourceTree = "<group>"; };
		D46704992C84D29E000F6B7F /* MoreCellView.swift */ = {isa = PBXFileReference; lastKnownFileType = sourcecode.swift; path = MoreCellView.swift; sourceTree = "<group>"; };
		D467049C2C88C2AE000F6B7F /* More.swift */ = {isa = PBXFileReference; lastKnownFileType = sourcecode.swift; path = More.swift; sourceTree = "<group>"; };
		D46704A02C88C5C1000F6B7F /* MoreViewModel.swift */ = {isa = PBXFileReference; lastKnownFileType = sourcecode.swift; path = MoreViewModel.swift; sourceTree = "<group>"; };
/* End PBXFileReference section */

/* Begin PBXFrameworksBuildPhase section */
		2199734F2C3F5F5B0015D1AF /* Frameworks */ = {
			isa = PBXFrameworksBuildPhase;
			buildActionMask = 2147483647;
			files = (
			);
			runOnlyForDeploymentPostprocessing = 0;
		};
		219973652C3F60ED0015D1AF /* Frameworks */ = {
			isa = PBXFrameworksBuildPhase;
			buildActionMask = 2147483647;
			files = (
			);
			runOnlyForDeploymentPostprocessing = 0;
		};
		219973782C3F61000015D1AF /* Frameworks */ = {
			isa = PBXFrameworksBuildPhase;
			buildActionMask = 2147483647;
			files = (
			);
			runOnlyForDeploymentPostprocessing = 0;
		};
/* End PBXFrameworksBuildPhase section */

/* Begin PBXGroup section */
		214AA4572C42296500C1C747 /* Information */ = {
			isa = PBXGroup;
			children = (
				214AA4552C42296200C1C747 /* InformationView.swift */,
				4D7B0FEF2C7F60A500670837 /* LocationAndDateView.swift */,
				4D7B0FF12C7F724500670837 /* LinkButton.swift */,
				214AA45F2C422BA400C1C747 /* Speakers */,
				214AA4602C422BA900C1C747 /* Time Table */,
				214AA4612C422BB300C1C747 /* Sponsors */,
				214AA4622C422BC900C1C747 /* Past Events */,
				4D7B0FFB2C8066C000670837 /* SampleView.swift */,
			);
			path = Information;
			sourceTree = "<group>";
		};
		214AA4582C42296900C1C747 /* More */ = {
			isa = PBXGroup;
			children = (
				D467049B2C88B425000F6B7F /* Models */,
				214AA4592C42298500C1C747 /* MoreView.swift */,
				D46704A02C88C5C1000F6B7F /* MoreViewModel.swift */,
				D46704992C84D29E000F6B7F /* MoreCellView.swift */,
				D46704972C84D154000F6B7F /* MoreSectionDivider.swift */,
			);
			path = More;
			sourceTree = "<group>";
		};
		214AA45F2C422BA400C1C747 /* Speakers */ = {
			isa = PBXGroup;
			children = (
				214AA4632C422BE600C1C747 /* SpeakersView.swift */,
			);
			path = Speakers;
			sourceTree = "<group>";
		};
		214AA4602C422BA900C1C747 /* Time Table */ = {
			isa = PBXGroup;
			children = (
				214AA4692C422F2100C1C747 /* TimeTableView.swift */,
			);
			path = "Time Table";
			sourceTree = "<group>";
		};
		214AA4612C422BB300C1C747 /* Sponsors */ = {
			isa = PBXGroup;
			children = (
				214AA4652C422DB000C1C747 /* SponsorsView.swift */,
			);
			path = Sponsors;
			sourceTree = "<group>";
		};
		214AA4622C422BC900C1C747 /* Past Events */ = {
			isa = PBXGroup;
			children = (
				214AA4672C422EB400C1C747 /* PastEventsView.swift */,
			);
			path = "Past Events";
			sourceTree = "<group>";
		};
		219973492C3F5F5B0015D1AF = {
			isa = PBXGroup;
			children = (
				219973542C3F5F5B0015D1AF /* LetSwift */,
				219973692C3F60ED0015D1AF /* LetSwift-macOS */,
				2199737C2C3F61000015D1AF /* LetSwift-visionOS */,
				219973532C3F5F5B0015D1AF /* Products */,
			);
			sourceTree = "<group>";
		};
		219973532C3F5F5B0015D1AF /* Products */ = {
			isa = PBXGroup;
			children = (
				219973522C3F5F5B0015D1AF /* LetSwift.app */,
				219973682C3F60ED0015D1AF /* LetSwift-macOS.app */,
				2199737B2C3F61000015D1AF /* LetSwift-visionOS.app */,
			);
			name = Products;
			sourceTree = "<group>";
		};
		219973542C3F5F5B0015D1AF /* LetSwift */ = {
			isa = PBXGroup;
			children = (
				98B898852C98276100A7073D /* LetSwift.entitlements */,
				4D7B10032C80739500670837 /* Model */,
				4D7B10002C80734100670837 /* ViewModel */,
				C16B9E632C74CEAE009CCC06 /* Info.plist */,
				219973552C3F5F5B0015D1AF /* LetSwiftApp.swift */,
				2199738E2C4221510015D1AF /* View */,
				2199738F2C42217F0015D1AF /* Resources */,
				C1CED42C2CAC66830011FFDD /* Launch Screen.storyboard */,
			);
			path = LetSwift;
			sourceTree = "<group>";
		};
		219973692C3F60ED0015D1AF /* LetSwift-macOS */ = {
			isa = PBXGroup;
			children = (
				2199736A2C3F60ED0015D1AF /* LetSwift_macOSApp.swift */,
				2199736C2C3F60ED0015D1AF /* ContentView.swift */,
				2199736E2C3F60EF0015D1AF /* Assets.xcassets */,
				219973732C3F60EF0015D1AF /* LetSwift_macOS.entitlements */,
				219973702C3F60EF0015D1AF /* Preview Content */,
			);
			path = "LetSwift-macOS";
			sourceTree = "<group>";
		};
		219973702C3F60EF0015D1AF /* Preview Content */ = {
			isa = PBXGroup;
			children = (
				219973712C3F60EF0015D1AF /* Preview Assets.xcassets */,
			);
			path = "Preview Content";
			sourceTree = "<group>";
		};
		2199737C2C3F61000015D1AF /* LetSwift-visionOS */ = {
			isa = PBXGroup;
			children = (
				219973812C3F61000015D1AF /* LetSwift_visionOSApp.swift */,
				219973832C3F61000015D1AF /* ContentView.swift */,
				219973852C3F61020015D1AF /* Assets.xcassets */,
				2199738A2C3F61020015D1AF /* Info.plist */,
				219973872C3F61020015D1AF /* Preview Content */,
			);
			path = "LetSwift-visionOS";
			sourceTree = "<group>";
		};
		219973872C3F61020015D1AF /* Preview Content */ = {
			isa = PBXGroup;
			children = (
				219973882C3F61020015D1AF /* Preview Assets.xcassets */,
			);
			path = "Preview Content";
			sourceTree = "<group>";
		};
		2199738E2C4221510015D1AF /* View */ = {
			isa = PBXGroup;
			children = (
				D22F97F72CA47EEE007BF1C9 /* Previous */,
				4D7B0FFD2C8071EA00670837 /* WebView */,
				219973572C3F5F5B0015D1AF /* MainView.swift */,
				214AA4572C42296500C1C747 /* Information */,
				D19F73E72C80CB2B009D0D9F /* Session */,
				988A2CF12C96A62600B160FC /* Events */,
				214AA4582C42296900C1C747 /* More */,
				C16B9E642C74D49F009CCC06 /* Font+Extensions.swift */,
			);
			path = View;
			sourceTree = "<group>";
		};
		2199738F2C42217F0015D1AF /* Resources */ = {
			isa = PBXGroup;
			children = (
				D22F97FC2CA47FF0007BF1C9 /* Previous */,
				C16B9E522C74CBB5009CCC06 /* Fonts */,
				219973592C3F5F5D0015D1AF /* Assets.xcassets */,
				2199735C2C3F5F5D0015D1AF /* Preview Assets.xcassets */,
				214AA45B2C4229F900C1C747 /* Localizable.xcstrings */,
				98B898832C96A81600A7073D /* NFCLocalizable.xcstrings */,
				214AA45D2C422A0400C1C747 /* InfoPlist.xcstrings */,
			);
			path = Resources;
			sourceTree = "<group>";
		};
		4D7B0FFD2C8071EA00670837 /* WebView */ = {
			isa = PBXGroup;
			children = (
				4D7B0FFE2C80721C00670837 /* WebView.swift */,
			);
			path = WebView;
			sourceTree = "<group>";
		};
		4D7B10002C80734100670837 /* ViewModel */ = {
			isa = PBXGroup;
			children = (
				4D7B10012C80734700670837 /* HomeNavigationViewModel.swift */,
			);
			path = ViewModel;
			sourceTree = "<group>";
		};
		4D7B10032C80739500670837 /* Model */ = {
			isa = PBXGroup;
			children = (
				4D7B10042C8073A100670837 /* HomeRoute.swift */,
			);
			path = Model;
			sourceTree = "<group>";
		};
		988A2CEA2C96A62600B160FC /* Models */ = {
			isa = PBXGroup;
			children = (
				988A2CE92C96A62600B160FC /* Company.swift */,
				988A2CED2C96A62600B160FC /* NFC */,
			);
			path = Models;
			sourceTree = "<group>";
		};
		988A2CED2C96A62600B160FC /* NFC */ = {
			isa = PBXGroup;
			children = (
				988A2CEB2C96A62600B160FC /* NFCError.swift */,
				988A2CEC2C96A62600B160FC /* NFCValidation.swift */,
			);
			path = NFC;
			sourceTree = "<group>";
		};
		988A2CF12C96A62600B160FC /* Events */ = {
			isa = PBXGroup;
			children = (
				988A2CF82C96A64D00B160FC /* Views */,
				988A2CEA2C96A62600B160FC /* Models */,
			);
			name = Events;
			path = LetSwift/View/Events;
			sourceTree = SOURCE_ROOT;
		};
		988A2CF82C96A64D00B160FC /* Views */ = {
			isa = PBXGroup;
			children = (
				988A2CEE2C96A62600B160FC /* EventsView.swift */,
				988A2CF02C96A62600B160FC /* StampButton.swift */,
			);
			path = Views;
			sourceTree = "<group>";
		};
		C16B9E522C74CBB5009CCC06 /* Fonts */ = {
			isa = PBXGroup;
			children = (
				C16B9E592C74CBEF009CCC06 /* Pretendard-Medium.otf */,
				C16B9E572C74CBEF009CCC06 /* Pretendard-Regular.otf */,
				C16B9E582C74CBEF009CCC06 /* Pretendard-SemiBold.otf */,
				C16B9E532C74CBD9009CCC06 /* Pretendard-Bold.otf */,
			);
			path = Fonts;
			sourceTree = "<group>";
		};
		D19F73E72C80CB2B009D0D9F /* Session */ = {
			isa = PBXGroup;
			children = (
				D19F73EA2C80CD14009D0D9F /* Models */,
				D19F73E82C80CB4B009D0D9F /* SessionView.swift */,
				1CD16E672C8609E5006E4B53 /* SessionViewModel.swift */,
			);
			path = Session;
			sourceTree = "<group>";
		};
		D19F73EA2C80CD14009D0D9F /* Models */ = {
			isa = PBXGroup;
			children = (
				D19F73EB2C80D5F5009D0D9F /* Session.swift */,
				D19F73EF2C80D6D0009D0D9F /* Session+SampleData.swift */,
				1CD16E692C861323006E4B53 /* SessionTab.swift */,
			);
			path = Models;
			sourceTree = "<group>";
		};
		D22F97F72CA47EEE007BF1C9 /* Previous */ = {
			isa = PBXGroup;
			children = (
				D22F981D2CA48A08007BF1C9 /* Views */,
				D22F981E2CA48A20007BF1C9 /* Models */,
				D22F97F82CA47F27007BF1C9 /* PreviousView.swift */,
				D22F98192CA48903007BF1C9 /* PreviousViewModel.swift */,
			);
			path = Previous;
			sourceTree = "<group>";
		};
		D22F97FC2CA47FF0007BF1C9 /* Previous */ = {
			isa = PBXGroup;
			children = (
				D22F97FD2CA48039007BF1C9 /* playlist-2016.json */,
				D22F97FE2CA48039007BF1C9 /* playlist-2017.json */,
				D22F97FF2CA48039007BF1C9 /* playlist-2018.json */,
				D22F98002CA48039007BF1C9 /* playlist-2019.json */,
				D22F98012CA48039007BF1C9 /* playlist-2020.json */,
				D22F98022CA48039007BF1C9 /* playlist-2022.json */,
				D22F98032CA48039007BF1C9 /* playlist-2023.json */,
			);
			path = Previous;
			sourceTree = "<group>";
		};
		D22F981D2CA48A08007BF1C9 /* Views */ = {
			isa = PBXGroup;
			children = (
				D22F98232CA48B75007BF1C9 /* SearchView.swift */,
				D22F98212CA48B09007BF1C9 /* YearKeywordsView.swift */,
				D22F981F2CA48A6A007BF1C9 /* VideoListView.swift */,
				D22F981B2CA489E2007BF1C9 /* VideoPlayerView.swift */,
			);
			path = Views;
			sourceTree = "<group>";
		};
		D22F981E2CA48A20007BF1C9 /* Models */ = {
			isa = PBXGroup;
			children = (
				D22F97FA2CA47FD4007BF1C9 /* VideoItem.swift */,
			);
			path = Models;
			sourceTree = "<group>";
		};
		D467049B2C88B425000F6B7F /* Models */ = {
			isa = PBXGroup;
			children = (
				D467049C2C88C2AE000F6B7F /* More.swift */,
			);
			path = Models;
			sourceTree = "<group>";
		};
/* End PBXGroup section */

/* Begin PBXNativeTarget section */
		219973512C3F5F5B0015D1AF /* LetSwift */ = {
			isa = PBXNativeTarget;
			buildConfigurationList = 219973602C3F5F5D0015D1AF /* Build configuration list for PBXNativeTarget "LetSwift" */;
			buildPhases = (
				2199734E2C3F5F5B0015D1AF /* Sources */,
				2199734F2C3F5F5B0015D1AF /* Frameworks */,
				219973502C3F5F5B0015D1AF /* Resources */,
			);
			buildRules = (
			);
			dependencies = (
			);
			name = LetSwift;
			productName = LetSwift;
			productReference = 219973522C3F5F5B0015D1AF /* LetSwift.app */;
			productType = "com.apple.product-type.application";
		};
		219973672C3F60ED0015D1AF /* LetSwift-macOS */ = {
			isa = PBXNativeTarget;
			buildConfigurationList = 219973742C3F60EF0015D1AF /* Build configuration list for PBXNativeTarget "LetSwift-macOS" */;
			buildPhases = (
				219973642C3F60ED0015D1AF /* Sources */,
				219973652C3F60ED0015D1AF /* Frameworks */,
				219973662C3F60ED0015D1AF /* Resources */,
			);
			buildRules = (
			);
			dependencies = (
			);
			name = "LetSwift-macOS";
			productName = "LetSwift-macOS";
			productReference = 219973682C3F60ED0015D1AF /* LetSwift-macOS.app */;
			productType = "com.apple.product-type.application";
		};
		2199737A2C3F61000015D1AF /* LetSwift-visionOS */ = {
			isa = PBXNativeTarget;
			buildConfigurationList = 2199738B2C3F61020015D1AF /* Build configuration list for PBXNativeTarget "LetSwift-visionOS" */;
			buildPhases = (
				219973772C3F61000015D1AF /* Sources */,
				219973782C3F61000015D1AF /* Frameworks */,
				219973792C3F61000015D1AF /* Resources */,
			);
			buildRules = (
			);
			dependencies = (
			);
			name = "LetSwift-visionOS";
			packageProductDependencies = (
			);
			productName = "LetSwift-visionOS";
			productReference = 2199737B2C3F61000015D1AF /* LetSwift-visionOS.app */;
			productType = "com.apple.product-type.application";
		};
/* End PBXNativeTarget section */

/* Begin PBXProject section */
		2199734A2C3F5F5B0015D1AF /* Project object */ = {
			isa = PBXProject;
			attributes = {
				BuildIndependentTargetsInParallel = 1;
				LastSwiftUpdateCheck = 1540;
				LastUpgradeCheck = 1540;
				TargetAttributes = {
					219973512C3F5F5B0015D1AF = {
						CreatedOnToolsVersion = 15.4;
					};
					219973672C3F60ED0015D1AF = {
						CreatedOnToolsVersion = 15.4;
					};
					2199737A2C3F61000015D1AF = {
						CreatedOnToolsVersion = 15.4;
					};
				};
			};
			buildConfigurationList = 2199734D2C3F5F5B0015D1AF /* Build configuration list for PBXProject "LetSwift" */;
			compatibilityVersion = "Xcode 14.0";
			developmentRegion = ko;
			hasScannedForEncodings = 0;
			knownRegions = (
				en,
				Base,
				ko,
			);
			mainGroup = 219973492C3F5F5B0015D1AF;
			productRefGroup = 219973532C3F5F5B0015D1AF /* Products */;
			projectDirPath = "";
			projectRoot = "";
			targets = (
				219973512C3F5F5B0015D1AF /* LetSwift */,
				219973672C3F60ED0015D1AF /* LetSwift-macOS */,
				2199737A2C3F61000015D1AF /* LetSwift-visionOS */,
			);
		};
/* End PBXProject section */

/* Begin PBXResourcesBuildPhase section */
		219973502C3F5F5B0015D1AF /* Resources */ = {
			isa = PBXResourcesBuildPhase;
			buildActionMask = 2147483647;
			files = (
				2199735D2C3F5F5D0015D1AF /* Preview Assets.xcassets in Resources */,
				C16B9E5A2C74CBEF009CCC06 /* Pretendard-Regular.otf in Resources */,
				C1CED42D2CAC66830011FFDD /* Launch Screen.storyboard in Resources */,
				98B898842C96A81600A7073D /* NFCLocalizable.xcstrings in Resources */,
				C16B9E5D2C74CBEF009CCC06 /* Pretendard-SemiBold.otf in Resources */,
				D22F98042CA48039007BF1C9 /* playlist-2023.json in Resources */,
				D22F98052CA48039007BF1C9 /* playlist-2016.json in Resources */,
				D22F98062CA48039007BF1C9 /* playlist-2019.json in Resources */,
				D22F98072CA48039007BF1C9 /* playlist-2020.json in Resources */,
				D22F98082CA48039007BF1C9 /* playlist-2022.json in Resources */,
				D22F98092CA48039007BF1C9 /* playlist-2018.json in Resources */,
				D22F980A2CA48039007BF1C9 /* playlist-2017.json in Resources */,
				C16B9E602C74CBEF009CCC06 /* Pretendard-Medium.otf in Resources */,
				C16B9E542C74CBD9009CCC06 /* Pretendard-Bold.otf in Resources */,
				2199735A2C3F5F5D0015D1AF /* Assets.xcassets in Resources */,
				214AA45E2C422A0400C1C747 /* InfoPlist.xcstrings in Resources */,
				214AA45C2C4229F900C1C747 /* Localizable.xcstrings in Resources */,
			);
			runOnlyForDeploymentPostprocessing = 0;
		};
		219973662C3F60ED0015D1AF /* Resources */ = {
			isa = PBXResourcesBuildPhase;
			buildActionMask = 2147483647;
			files = (
				219973722C3F60EF0015D1AF /* Preview Assets.xcassets in Resources */,
				C16B9E5B2C74CBEF009CCC06 /* Pretendard-Regular.otf in Resources */,
				C16B9E5E2C74CBEF009CCC06 /* Pretendard-SemiBold.otf in Resources */,
				C16B9E552C74CBD9009CCC06 /* Pretendard-Bold.otf in Resources */,
				2199736F2C3F60EF0015D1AF /* Assets.xcassets in Resources */,
				D22F980B2CA48039007BF1C9 /* playlist-2023.json in Resources */,
				D22F980C2CA48039007BF1C9 /* playlist-2016.json in Resources */,
				D22F980D2CA48039007BF1C9 /* playlist-2019.json in Resources */,
				D22F980E2CA48039007BF1C9 /* playlist-2020.json in Resources */,
				D22F980F2CA48039007BF1C9 /* playlist-2022.json in Resources */,
				D22F98102CA48039007BF1C9 /* playlist-2018.json in Resources */,
				D22F98112CA48039007BF1C9 /* playlist-2017.json in Resources */,
				C16B9E612C74CBEF009CCC06 /* Pretendard-Medium.otf in Resources */,
			);
			runOnlyForDeploymentPostprocessing = 0;
		};
		219973792C3F61000015D1AF /* Resources */ = {
			isa = PBXResourcesBuildPhase;
			buildActionMask = 2147483647;
			files = (
				219973892C3F61020015D1AF /* Preview Assets.xcassets in Resources */,
				C16B9E5C2C74CBEF009CCC06 /* Pretendard-Regular.otf in Resources */,
				C16B9E5F2C74CBEF009CCC06 /* Pretendard-SemiBold.otf in Resources */,
				C16B9E562C74CBD9009CCC06 /* Pretendard-Bold.otf in Resources */,
				219973862C3F61020015D1AF /* Assets.xcassets in Resources */,
				D22F98122CA48039007BF1C9 /* playlist-2023.json in Resources */,
				D22F98132CA48039007BF1C9 /* playlist-2016.json in Resources */,
				D22F98142CA48039007BF1C9 /* playlist-2019.json in Resources */,
				D22F98152CA48039007BF1C9 /* playlist-2020.json in Resources */,
				D22F98162CA48039007BF1C9 /* playlist-2022.json in Resources */,
				D22F98172CA48039007BF1C9 /* playlist-2018.json in Resources */,
				D22F98182CA48039007BF1C9 /* playlist-2017.json in Resources */,
				C16B9E622C74CBEF009CCC06 /* Pretendard-Medium.otf in Resources */,
			);
			runOnlyForDeploymentPostprocessing = 0;
		};
/* End PBXResourcesBuildPhase section */

/* Begin PBXSourcesBuildPhase section */
		2199734E2C3F5F5B0015D1AF /* Sources */ = {
			isa = PBXSourcesBuildPhase;
			buildActionMask = 2147483647;
			files = (
				D19F73E92C80CB4B009D0D9F /* SessionView.swift in Sources */,
				D46704A12C88C5C1000F6B7F /* MoreViewModel.swift in Sources */,
				D22F98202CA48A6E007BF1C9 /* VideoListView.swift in Sources */,
				D22F98222CA48B09007BF1C9 /* YearKeywordsView.swift in Sources */,
				988A2CF42C96A62600B160FC /* NFCValidation.swift in Sources */,
				1CD16E682C8609E5006E4B53 /* SessionViewModel.swift in Sources */,
				214AA46A2C422F2100C1C747 /* TimeTableView.swift in Sources */,
				214AA4562C42296200C1C747 /* InformationView.swift in Sources */,
				D22F97F92CA47F29007BF1C9 /* PreviousView.swift in Sources */,
				C16B9E652C74D49F009CCC06 /* Font+Extensions.swift in Sources */,
				1CD16E6A2C861323006E4B53 /* SessionTab.swift in Sources */,
				4D7B0FF02C7F60A500670837 /* LocationAndDateView.swift in Sources */,
				988A2CF22C96A62600B160FC /* Company.swift in Sources */,
				214AA4682C422EB400C1C747 /* PastEventsView.swift in Sources */,
				4D7B10052C8073A100670837 /* HomeRoute.swift in Sources */,
				214AA4662C422DB000C1C747 /* SponsorsView.swift in Sources */,
				D22F981C2CA489E4007BF1C9 /* VideoPlayerView.swift in Sources */,
				D467049D2C88C2AE000F6B7F /* More.swift in Sources */,
				D467049A2C84D29E000F6B7F /* MoreCellView.swift in Sources */,
				988A2CF52C96A62600B160FC /* EventsView.swift in Sources */,
				988A2CF72C96A62600B160FC /* StampButton.swift in Sources */,
				4D7B10022C80734700670837 /* HomeNavigationViewModel.swift in Sources */,
				4D7B0FFC2C8066C000670837 /* SampleView.swift in Sources */,
				214AA45A2C42298500C1C747 /* MoreView.swift in Sources */,
				214AA4642C422BE600C1C747 /* SpeakersView.swift in Sources */,
				988A2CF32C96A62600B160FC /* NFCError.swift in Sources */,
				D19F73EC2C80D5F5009D0D9F /* Session.swift in Sources */,
				219973562C3F5F5B0015D1AF /* LetSwiftApp.swift in Sources */,
				D22F98242CA48B77007BF1C9 /* SearchView.swift in Sources */,
				D22F97FB2CA47FDA007BF1C9 /* VideoItem.swift in Sources */,
				D46704982C84D154000F6B7F /* MoreSectionDivider.swift in Sources */,
				D22F981A2CA48912007BF1C9 /* PreviousViewModel.swift in Sources */,
				4D7B0FF22C7F724500670837 /* LinkButton.swift in Sources */,
				219973902C4222870015D1AF /* MainView.swift in Sources */,
				D19F73F02C80D6D0009D0D9F /* Session+SampleData.swift in Sources */,
				4D7B0FFF2C80721C00670837 /* WebView.swift in Sources */,
			);
			runOnlyForDeploymentPostprocessing = 0;
		};
		219973642C3F60ED0015D1AF /* Sources */ = {
			isa = PBXSourcesBuildPhase;
			buildActionMask = 2147483647;
			files = (
				C16B9E662C74D49F009CCC06 /* Font+Extensions.swift in Sources */,
				2199736D2C3F60ED0015D1AF /* ContentView.swift in Sources */,
				2199736B2C3F60ED0015D1AF /* LetSwift_macOSApp.swift in Sources */,
			);
			runOnlyForDeploymentPostprocessing = 0;
		};
		219973772C3F61000015D1AF /* Sources */ = {
			isa = PBXSourcesBuildPhase;
			buildActionMask = 2147483647;
			files = (
				C16B9E672C74D49F009CCC06 /* Font+Extensions.swift in Sources */,
				219973842C3F61000015D1AF /* ContentView.swift in Sources */,
				219973822C3F61000015D1AF /* LetSwift_visionOSApp.swift in Sources */,
			);
			runOnlyForDeploymentPostprocessing = 0;
		};
/* End PBXSourcesBuildPhase section */

/* Begin XCBuildConfiguration section */
		2199735E2C3F5F5D0015D1AF /* Debug */ = {
			isa = XCBuildConfiguration;
			buildSettings = {
				ALWAYS_SEARCH_USER_PATHS = NO;
				ASSETCATALOG_COMPILER_GENERATE_SWIFT_ASSET_SYMBOL_EXTENSIONS = YES;
				CLANG_ANALYZER_NONNULL = YES;
				CLANG_ANALYZER_NUMBER_OBJECT_CONVERSION = YES_AGGRESSIVE;
				CLANG_CXX_LANGUAGE_STANDARD = "gnu++20";
				CLANG_ENABLE_MODULES = YES;
				CLANG_ENABLE_OBJC_ARC = YES;
				CLANG_ENABLE_OBJC_WEAK = YES;
				CLANG_WARN_BLOCK_CAPTURE_AUTORELEASING = YES;
				CLANG_WARN_BOOL_CONVERSION = YES;
				CLANG_WARN_COMMA = YES;
				CLANG_WARN_CONSTANT_CONVERSION = YES;
				CLANG_WARN_DEPRECATED_OBJC_IMPLEMENTATIONS = YES;
				CLANG_WARN_DIRECT_OBJC_ISA_USAGE = YES_ERROR;
				CLANG_WARN_DOCUMENTATION_COMMENTS = YES;
				CLANG_WARN_EMPTY_BODY = YES;
				CLANG_WARN_ENUM_CONVERSION = YES;
				CLANG_WARN_INFINITE_RECURSION = YES;
				CLANG_WARN_INT_CONVERSION = YES;
				CLANG_WARN_NON_LITERAL_NULL_CONVERSION = YES;
				CLANG_WARN_OBJC_IMPLICIT_RETAIN_SELF = YES;
				CLANG_WARN_OBJC_LITERAL_CONVERSION = YES;
				CLANG_WARN_OBJC_ROOT_CLASS = YES_ERROR;
				CLANG_WARN_QUOTED_INCLUDE_IN_FRAMEWORK_HEADER = YES;
				CLANG_WARN_RANGE_LOOP_ANALYSIS = YES;
				CLANG_WARN_STRICT_PROTOTYPES = YES;
				CLANG_WARN_SUSPICIOUS_MOVE = YES;
				CLANG_WARN_UNGUARDED_AVAILABILITY = YES_AGGRESSIVE;
				CLANG_WARN_UNREACHABLE_CODE = YES;
				CLANG_WARN__DUPLICATE_METHOD_MATCH = YES;
				COPY_PHASE_STRIP = NO;
				DEBUG_INFORMATION_FORMAT = dwarf;
				ENABLE_STRICT_OBJC_MSGSEND = YES;
				ENABLE_TESTABILITY = YES;
				ENABLE_USER_SCRIPT_SANDBOXING = YES;
				GCC_C_LANGUAGE_STANDARD = gnu17;
				GCC_DYNAMIC_NO_PIC = NO;
				GCC_NO_COMMON_BLOCKS = YES;
				GCC_OPTIMIZATION_LEVEL = 0;
				GCC_PREPROCESSOR_DEFINITIONS = (
					"DEBUG=1",
					"$(inherited)",
				);
				GCC_WARN_64_TO_32_BIT_CONVERSION = YES;
				GCC_WARN_ABOUT_RETURN_TYPE = YES_ERROR;
				GCC_WARN_UNDECLARED_SELECTOR = YES;
				GCC_WARN_UNINITIALIZED_AUTOS = YES_AGGRESSIVE;
				GCC_WARN_UNUSED_FUNCTION = YES;
				GCC_WARN_UNUSED_VARIABLE = YES;
				IPHONEOS_DEPLOYMENT_TARGET = 17.0;
				LOCALIZATION_PREFERS_STRING_CATALOGS = YES;
				MTL_ENABLE_DEBUG_INFO = INCLUDE_SOURCE;
				MTL_FAST_MATH = YES;
				ONLY_ACTIVE_ARCH = YES;
				SDKROOT = iphoneos;
				SWIFT_ACTIVE_COMPILATION_CONDITIONS = "DEBUG $(inherited)";
				SWIFT_OPTIMIZATION_LEVEL = "-Onone";
			};
			name = Debug;
		};
		2199735F2C3F5F5D0015D1AF /* Release */ = {
			isa = XCBuildConfiguration;
			buildSettings = {
				ALWAYS_SEARCH_USER_PATHS = NO;
				ASSETCATALOG_COMPILER_GENERATE_SWIFT_ASSET_SYMBOL_EXTENSIONS = YES;
				CLANG_ANALYZER_NONNULL = YES;
				CLANG_ANALYZER_NUMBER_OBJECT_CONVERSION = YES_AGGRESSIVE;
				CLANG_CXX_LANGUAGE_STANDARD = "gnu++20";
				CLANG_ENABLE_MODULES = YES;
				CLANG_ENABLE_OBJC_ARC = YES;
				CLANG_ENABLE_OBJC_WEAK = YES;
				CLANG_WARN_BLOCK_CAPTURE_AUTORELEASING = YES;
				CLANG_WARN_BOOL_CONVERSION = YES;
				CLANG_WARN_COMMA = YES;
				CLANG_WARN_CONSTANT_CONVERSION = YES;
				CLANG_WARN_DEPRECATED_OBJC_IMPLEMENTATIONS = YES;
				CLANG_WARN_DIRECT_OBJC_ISA_USAGE = YES_ERROR;
				CLANG_WARN_DOCUMENTATION_COMMENTS = YES;
				CLANG_WARN_EMPTY_BODY = YES;
				CLANG_WARN_ENUM_CONVERSION = YES;
				CLANG_WARN_INFINITE_RECURSION = YES;
				CLANG_WARN_INT_CONVERSION = YES;
				CLANG_WARN_NON_LITERAL_NULL_CONVERSION = YES;
				CLANG_WARN_OBJC_IMPLICIT_RETAIN_SELF = YES;
				CLANG_WARN_OBJC_LITERAL_CONVERSION = YES;
				CLANG_WARN_OBJC_ROOT_CLASS = YES_ERROR;
				CLANG_WARN_QUOTED_INCLUDE_IN_FRAMEWORK_HEADER = YES;
				CLANG_WARN_RANGE_LOOP_ANALYSIS = YES;
				CLANG_WARN_STRICT_PROTOTYPES = YES;
				CLANG_WARN_SUSPICIOUS_MOVE = YES;
				CLANG_WARN_UNGUARDED_AVAILABILITY = YES_AGGRESSIVE;
				CLANG_WARN_UNREACHABLE_CODE = YES;
				CLANG_WARN__DUPLICATE_METHOD_MATCH = YES;
				COPY_PHASE_STRIP = NO;
				DEBUG_INFORMATION_FORMAT = "dwarf-with-dsym";
				ENABLE_NS_ASSERTIONS = NO;
				ENABLE_STRICT_OBJC_MSGSEND = YES;
				ENABLE_USER_SCRIPT_SANDBOXING = YES;
				GCC_C_LANGUAGE_STANDARD = gnu17;
				GCC_NO_COMMON_BLOCKS = YES;
				GCC_WARN_64_TO_32_BIT_CONVERSION = YES;
				GCC_WARN_ABOUT_RETURN_TYPE = YES_ERROR;
				GCC_WARN_UNDECLARED_SELECTOR = YES;
				GCC_WARN_UNINITIALIZED_AUTOS = YES_AGGRESSIVE;
				GCC_WARN_UNUSED_FUNCTION = YES;
				GCC_WARN_UNUSED_VARIABLE = YES;
				IPHONEOS_DEPLOYMENT_TARGET = 17.0;
				LOCALIZATION_PREFERS_STRING_CATALOGS = YES;
				MTL_ENABLE_DEBUG_INFO = NO;
				MTL_FAST_MATH = YES;
				SDKROOT = iphoneos;
				SWIFT_COMPILATION_MODE = wholemodule;
				VALIDATE_PRODUCT = YES;
			};
			name = Release;
		};
		219973612C3F5F5D0015D1AF /* Debug */ = {
			isa = XCBuildConfiguration;
			buildSettings = {
				ASSETCATALOG_COMPILER_APPICON_NAME = AppIcon;
				ASSETCATALOG_COMPILER_GLOBAL_ACCENT_COLOR_NAME = AccentColor;
				ASSETCATALOG_COMPILER_INCLUDE_ALL_APPICON_ASSETS = YES;
				CODE_SIGN_ENTITLEMENTS = LetSwift/LetSwift.entitlements;
				CODE_SIGN_IDENTITY = "Apple Development";
				CODE_SIGN_STYLE = Automatic;
				CURRENT_PROJECT_VERSION = 1;
				DEVELOPMENT_ASSET_PATHS = "\"LetSwift/Resources\"";
				DEVELOPMENT_TEAM = B3PWYBKFUK;
				ENABLE_PREVIEWS = YES;
				GENERATE_INFOPLIST_FILE = YES;
				INFOPLIST_FILE = LetSwift/Info.plist;
				INFOPLIST_KEY_LSApplicationCategoryType = "public.app-category.lifestyle";
				INFOPLIST_KEY_NFCReaderUsageDescription = "이 앱은 NFC 태그를 읽기 위해 접근 권한이 필요합니다.";
				INFOPLIST_KEY_UIApplicationSceneManifest_Generation = YES;
				INFOPLIST_KEY_UIApplicationSupportsIndirectInputEvents = YES;
				INFOPLIST_KEY_UILaunchStoryboardName = "Launch Screen.storyboard";
				INFOPLIST_KEY_UISupportedInterfaceOrientations = UIInterfaceOrientationPortrait;
				INFOPLIST_KEY_UISupportedInterfaceOrientations_iPad = "UIInterfaceOrientationLandscapeLeft UIInterfaceOrientationLandscapeRight UIInterfaceOrientationPortrait UIInterfaceOrientationPortraitUpsideDown";
				IPHONEOS_DEPLOYMENT_TARGET = 17.0;
				LD_RUNPATH_SEARCH_PATHS = (
					"$(inherited)",
					"@executable_path/Frameworks",
				);
				MARKETING_VERSION = 6.0;
				PRODUCT_BUNDLE_IDENTIFIER = kr.codesquad.jk.letswift;
				PRODUCT_NAME = "$(TARGET_NAME)";
				PROVISIONING_PROFILE_SPECIFIER = "";
				SWIFT_EMIT_LOC_STRINGS = YES;
				SWIFT_VERSION = 5.0;
				TARGETED_DEVICE_FAMILY = "1,2";
			};
			name = Debug;
		};
		219973622C3F5F5D0015D1AF /* Release */ = {
			isa = XCBuildConfiguration;
			buildSettings = {
				ASSETCATALOG_COMPILER_APPICON_NAME = AppIcon;
				ASSETCATALOG_COMPILER_GLOBAL_ACCENT_COLOR_NAME = AccentColor;
				ASSETCATALOG_COMPILER_INCLUDE_ALL_APPICON_ASSETS = YES;
				CODE_SIGN_ENTITLEMENTS = LetSwift/LetSwift.entitlements;
				CODE_SIGN_IDENTITY = "Apple Development";
				CODE_SIGN_STYLE = Automatic;
				CURRENT_PROJECT_VERSION = 1;
				DEVELOPMENT_ASSET_PATHS = "\"LetSwift/Resources\"";
				DEVELOPMENT_TEAM = B3PWYBKFUK;
				ENABLE_PREVIEWS = YES;
				GENERATE_INFOPLIST_FILE = YES;
				INFOPLIST_FILE = LetSwift/Info.plist;
				INFOPLIST_KEY_LSApplicationCategoryType = "public.app-category.lifestyle";
				INFOPLIST_KEY_NFCReaderUsageDescription = "이 앱은 NFC 태그를 읽기 위해 접근 권한이 필요합니다.";
				INFOPLIST_KEY_UIApplicationSceneManifest_Generation = YES;
				INFOPLIST_KEY_UIApplicationSupportsIndirectInputEvents = YES;
				INFOPLIST_KEY_UILaunchStoryboardName = "Launch Screen.storyboard";
				INFOPLIST_KEY_UISupportedInterfaceOrientations = UIInterfaceOrientationPortrait;
				INFOPLIST_KEY_UISupportedInterfaceOrientations_iPad = "UIInterfaceOrientationLandscapeLeft UIInterfaceOrientationLandscapeRight UIInterfaceOrientationPortrait UIInterfaceOrientationPortraitUpsideDown";
				IPHONEOS_DEPLOYMENT_TARGET = 17.0;
				LD_RUNPATH_SEARCH_PATHS = (
					"$(inherited)",
					"@executable_path/Frameworks",
				);
				MARKETING_VERSION = 6.0;
				PRODUCT_BUNDLE_IDENTIFIER = kr.codesquad.jk.letswift;
				PRODUCT_NAME = "$(TARGET_NAME)";
				PROVISIONING_PROFILE_SPECIFIER = "";
				SWIFT_EMIT_LOC_STRINGS = YES;
				SWIFT_VERSION = 5.0;
				TARGETED_DEVICE_FAMILY = "1,2";
			};
			name = Release;
		};
		219973752C3F60EF0015D1AF /* Debug */ = {
			isa = XCBuildConfiguration;
			buildSettings = {
				ASSETCATALOG_COMPILER_APPICON_NAME = AppIcon;
				ASSETCATALOG_COMPILER_GLOBAL_ACCENT_COLOR_NAME = AccentColor;
				CODE_SIGN_ENTITLEMENTS = "LetSwift-macOS/LetSwift_macOS.entitlements";
				CODE_SIGN_STYLE = Automatic;
				COMBINE_HIDPI_IMAGES = YES;
				CURRENT_PROJECT_VERSION = 1;
				DEVELOPMENT_ASSET_PATHS = "\"LetSwift-macOS/Preview Content\"";
				ENABLE_PREVIEWS = YES;
				GENERATE_INFOPLIST_FILE = YES;
				INFOPLIST_KEY_LSApplicationCategoryType = "public.app-category.lifestyle";
				INFOPLIST_KEY_NSHumanReadableCopyright = "";
				LD_RUNPATH_SEARCH_PATHS = (
					"$(inherited)",
					"@executable_path/../Frameworks",
				);
				MACOSX_DEPLOYMENT_TARGET = 14.5;
				MARKETING_VERSION = 6.0;
				PRODUCT_BUNDLE_IDENTIFIER = kr.codesquad.jk.letswift;
				PRODUCT_NAME = "$(TARGET_NAME)";
				SDKROOT = macosx;
				SWIFT_EMIT_LOC_STRINGS = YES;
				SWIFT_VERSION = 5.0;
			};
			name = Debug;
		};
		219973762C3F60EF0015D1AF /* Release */ = {
			isa = XCBuildConfiguration;
			buildSettings = {
				ASSETCATALOG_COMPILER_APPICON_NAME = AppIcon;
				ASSETCATALOG_COMPILER_GLOBAL_ACCENT_COLOR_NAME = AccentColor;
				CODE_SIGN_ENTITLEMENTS = "LetSwift-macOS/LetSwift_macOS.entitlements";
				CODE_SIGN_STYLE = Automatic;
				COMBINE_HIDPI_IMAGES = YES;
				CURRENT_PROJECT_VERSION = 1;
				DEVELOPMENT_ASSET_PATHS = "\"LetSwift-macOS/Preview Content\"";
				ENABLE_PREVIEWS = YES;
				GENERATE_INFOPLIST_FILE = YES;
				INFOPLIST_KEY_LSApplicationCategoryType = "public.app-category.lifestyle";
				INFOPLIST_KEY_NSHumanReadableCopyright = "";
				LD_RUNPATH_SEARCH_PATHS = (
					"$(inherited)",
					"@executable_path/../Frameworks",
				);
				MACOSX_DEPLOYMENT_TARGET = 14.5;
				MARKETING_VERSION = 6.0;
				PRODUCT_BUNDLE_IDENTIFIER = kr.codesquad.jk.letswift;
				PRODUCT_NAME = "$(TARGET_NAME)";
				SDKROOT = macosx;
				SWIFT_EMIT_LOC_STRINGS = YES;
				SWIFT_VERSION = 5.0;
			};
			name = Release;
		};
		2199738C2C3F61020015D1AF /* Debug */ = {
			isa = XCBuildConfiguration;
			buildSettings = {
				ASSETCATALOG_COMPILER_APPICON_NAME = AppIcon;
				ASSETCATALOG_COMPILER_GLOBAL_ACCENT_COLOR_NAME = AccentColor;
				CODE_SIGN_STYLE = Automatic;
				CURRENT_PROJECT_VERSION = 1;
				DEVELOPMENT_ASSET_PATHS = "\"LetSwift-visionOS/Preview Content\"";
				ENABLE_PREVIEWS = YES;
				GENERATE_INFOPLIST_FILE = YES;
				INFOPLIST_FILE = "$(TARGET_NAME)/Info.plist";
				INFOPLIST_KEY_LSApplicationCategoryType = "public.app-category.lifestyle";
				LD_RUNPATH_SEARCH_PATHS = (
					"$(inherited)",
					"@executable_path/Frameworks",
				);
				MARKETING_VERSION = 6.0;
				PRODUCT_BUNDLE_IDENTIFIER = kr.codesquad.jk.letswift;
				PRODUCT_NAME = "$(TARGET_NAME)";
				SDKROOT = xros;
				SUPPORTED_PLATFORMS = "xros xrsimulator";
				SWIFT_EMIT_LOC_STRINGS = YES;
				SWIFT_VERSION = 5.0;
				TARGETED_DEVICE_FAMILY = "1,2,7";
				XROS_DEPLOYMENT_TARGET = 1.0;
			};
			name = Debug;
		};
		2199738D2C3F61020015D1AF /* Release */ = {
			isa = XCBuildConfiguration;
			buildSettings = {
				ASSETCATALOG_COMPILER_APPICON_NAME = AppIcon;
				ASSETCATALOG_COMPILER_GLOBAL_ACCENT_COLOR_NAME = AccentColor;
				CODE_SIGN_STYLE = Automatic;
				CURRENT_PROJECT_VERSION = 1;
				DEVELOPMENT_ASSET_PATHS = "\"LetSwift-visionOS/Preview Content\"";
				ENABLE_PREVIEWS = YES;
				GENERATE_INFOPLIST_FILE = YES;
				INFOPLIST_FILE = "$(TARGET_NAME)/Info.plist";
				INFOPLIST_KEY_LSApplicationCategoryType = "public.app-category.lifestyle";
				LD_RUNPATH_SEARCH_PATHS = (
					"$(inherited)",
					"@executable_path/Frameworks",
				);
				MARKETING_VERSION = 6.0;
				PRODUCT_BUNDLE_IDENTIFIER = kr.codesquad.jk.letswift;
				PRODUCT_NAME = "$(TARGET_NAME)";
				SDKROOT = xros;
				SUPPORTED_PLATFORMS = "xros xrsimulator";
				SWIFT_EMIT_LOC_STRINGS = YES;
				SWIFT_VERSION = 5.0;
				TARGETED_DEVICE_FAMILY = "1,2,7";
				XROS_DEPLOYMENT_TARGET = 1.0;
			};
			name = Release;
		};
/* End XCBuildConfiguration section */

/* Begin XCConfigurationList section */
		2199734D2C3F5F5B0015D1AF /* Build configuration list for PBXProject "LetSwift" */ = {
			isa = XCConfigurationList;
			buildConfigurations = (
				2199735E2C3F5F5D0015D1AF /* Debug */,
				2199735F2C3F5F5D0015D1AF /* Release */,
			);
			defaultConfigurationIsVisible = 0;
			defaultConfigurationName = Release;
		};
		219973602C3F5F5D0015D1AF /* Build configuration list for PBXNativeTarget "LetSwift" */ = {
			isa = XCConfigurationList;
			buildConfigurations = (
				219973612C3F5F5D0015D1AF /* Debug */,
				219973622C3F5F5D0015D1AF /* Release */,
			);
			defaultConfigurationIsVisible = 0;
			defaultConfigurationName = Release;
		};
		219973742C3F60EF0015D1AF /* Build configuration list for PBXNativeTarget "LetSwift-macOS" */ = {
			isa = XCConfigurationList;
			buildConfigurations = (
				219973752C3F60EF0015D1AF /* Debug */,
				219973762C3F60EF0015D1AF /* Release */,
			);
			defaultConfigurationIsVisible = 0;
			defaultConfigurationName = Release;
		};
		2199738B2C3F61020015D1AF /* Build configuration list for PBXNativeTarget "LetSwift-visionOS" */ = {
			isa = XCConfigurationList;
			buildConfigurations = (
				2199738C2C3F61020015D1AF /* Debug */,
				2199738D2C3F61020015D1AF /* Release */,
			);
			defaultConfigurationIsVisible = 0;
			defaultConfigurationName = Release;
		};
/* End XCConfigurationList section */
	};
	rootObject = 2199734A2C3F5F5B0015D1AF /* Project object */;
}
