{
  "pins" : [
    {
      "identity" : "lottie-ios",
      "kind" : "remoteSourceControl",
      "location" : "https://github.com/airbnb/lottie-ios.git",
      "state" : {
        "branch" : "master",
        "revision" : "abe71a75e0ff9b1ac299962d749cc2a767fbc9d1"
      }
    }
  ],
  "version" : 2
}
