{
  "pins" : [
    {
      "identity" : "lottie-ios",
      "kind" : "remoteSourceControl",
      "location" : "https://github.com/airbnb/lottie-ios.git",
      "state" : {
        "branch" : "master",
        "revision" : "89cfc5f358b3e473cbd48b95d5a007f017990782"
      }
    }
  ],
  "version" : 2
}
